// !$*UTF8*$!
{
	archiveVersion = 1;
	classes = {
	};
	objectVersion = 56;
	objects = {

/* Begin PBXBuildFile section */
		07D191737EF2D1D5E95B0ADB /* ScaledFont.swift in Sources */ = {isa = PBXBuildFile; fileRef = B859389429B13E3327751EB4 /* ScaledFont.swift */; };
		24613FC3F8D087EFEA009D92 /* CachedFZShow.swift in Sources */ = {isa = PBXBuildFile; fileRef = 72F66D9B51B903E6898BC392 /* CachedFZShow.swift */; };
		360EE955A35C50D1A38B36CD /* TourPeriods.swift in Sources */ = {isa = PBXBuildFile; fileRef = 5728FAB37EE9743EFCABFB0B /* TourPeriods.swift */; };
		4B3921DEB7831EF3C8144540 /* FZShowsDatabase.swift in Sources */ = {isa = PBXBuildFile; fileRef = CCEA788CAA6882C71E437FF1 /* FZShowsDatabase.swift */; };
		8F7455CF51B663EDFD96802D /* FZShowsPageRecord.swift in Sources */ = {isa = PBXBuildFile; fileRef = AFAF780DA29F39C724E66902 /* FZShowsPageRecord.swift */; };
		9D924559343B4593F5DE1323 /* SettingsView.swift in Sources */ = {isa = PBXBuildFile; fileRef = 5BA7404A7B6B3A2EB5BE9DFC /* SettingsView.swift */; };
		A5B56D4EB5104EC7B090E187 /* AudioFXView.swift in Sources */ = {isa = PBXBuildFile; fileRef = A2D1D3BDE8FA45B18C165DAE /* AudioFXView.swift */; };
		AA0000000000000000000002 /* ContentViewShared.swift in Sources */ = {isa = PBXBuildFile; fileRef = AA0000000000000000000001 /* ContentViewShared.swift */; };
		AA0000000000000000000003 /* ContentViewShared.swift in Sources */ = {isa = PBXBuildFile; fileRef = AA0000000000000000000001 /* ContentViewShared.swift */; };
		AA0000000000000000000012 /* ContentViewSharedTests.swift in Sources */ = {isa = PBXBuildFile; fileRef = AA0000000000000000000011 /* ContentViewSharedTests.swift */; };
		AA0000000000000000000022 /* RadioViewModel.swift in Sources */ = {isa = PBXBuildFile; fileRef = AA0000000000000000000021 /* RadioViewModel.swift */; };
		AA0000000000000000000023 /* RadioViewModel.swift in Sources */ = {isa = PBXBuildFile; fileRef = AA0000000000000000000021 /* RadioViewModel.swift */; };
		AA0000000000000000000031 /* BASSRadioPlayerLogic.swift in Sources */ = {isa = PBXBuildFile; fileRef = AA0000000000000000000030 /* BASSRadioPlayerLogic.swift */; };
		AA0000000000000000000032 /* BASSRadioPlayerLogic.swift in Sources */ = {isa = PBXBuildFile; fileRef = AA0000000000000000000030 /* BASSRadioPlayerLogic.swift */; };
		AA0000000000000000000034 /* BASSRadioPlayerLogicTests.swift in Sources */ = {isa = PBXBuildFile; fileRef = AA0000000000000000000033 /* BASSRadioPlayerLogicTests.swift */; };
		AAAA00112FAA001100AA0011 /* ParsedTrackInfoTests.swift in Sources */ = {isa = PBXBuildFile; fileRef = AAAA00012FAA000100AA0001 /* ParsedTrackInfoTests.swift */; };
		AAAA00122FAA001200AA0012 /* TourMappingTests.swift in Sources */ = {isa = PBXBuildFile; fileRef = AAAA00022FAA000200AA0002 /* TourMappingTests.swift */; };
		AAAA00132FAA001300AA0013 /* ShowTimeFetcherTests.swift in Sources */ = {isa = PBXBuildFile; fileRef = AAAA00032FAA000300AA0003 /* ShowTimeFetcherTests.swift */; };
		AAAA00142FAA001400AA0014 /* SavedShowTests.swift in Sources */ = {isa = PBXBuildFile; fileRef = AAAA00042FAA000400AA0004 /* SavedShowTests.swift */; };
		AAAA00152FAA001500AA0015 /* StreamBufferTests.swift in Sources */ = {isa = PBXBuildFile; fileRef = AAAA00052FAA000500AA0005 /* StreamBufferTests.swift */; };
		AAAA00172FAA001700AA0017 /* FZShowsImportTests.swift in Sources */ = {isa = PBXBuildFile; fileRef = AAAA00072FAA000700AA0007 /* FZShowsImportTests.swift */; };
		ABA2E392DCDB235388C0AB59 /* FZShowsPageRecord.swift in Sources */ = {isa = PBXBuildFile; fileRef = AFAF780DA29F39C724E66902 /* FZShowsPageRecord.swift */; };
		BBBB00012FBB000100BB0001 /* BASSRadioPlayer+Playback.swift in Sources */ = {isa = PBXBuildFile; fileRef = BBBB00052FBB000500BB0005 /* BASSRadioPlayer+Playback.swift */; };
		BBBB00022FBB000200BB0002 /* BASSRadioPlayer+Playback.swift in Sources */ = {isa = PBXBuildFile; fileRef = BBBB00052FBB000500BB0005 /* BASSRadioPlayer+Playback.swift */; };
		BBBB00032FBB000300BB0003 /* BASSRadioPlayer+AudioFX.swift in Sources */ = {isa = PBXBuildFile; fileRef = BBBB00062FBB000600BB0006 /* BASSRadioPlayer+AudioFX.swift */; };
		BBBB00042FBB000400BB0004 /* BASSRadioPlayer+AudioFX.swift in Sources */ = {isa = PBXBuildFile; fileRef = BBBB00062FBB000600BB0006 /* BASSRadioPlayer+AudioFX.swift */; };
		BBBB00072FBB000700BB0007 /* BASSRadioPlayer+Metadata.swift in Sources */ = {isa = PBXBuildFile; fileRef = BBBB00092FBB000900BB0009 /* BASSRadioPlayer+Metadata.swift */; };
		BBBB00082FBB000800BB0008 /* BASSRadioPlayer+Metadata.swift in Sources */ = {isa = PBXBuildFile; fileRef = BBBB00092FBB000900BB0009 /* BASSRadioPlayer+Metadata.swift */; };
		BBBB000A2FBB000A00BB000A /* BASSRadioPlayer+DVR.swift in Sources */ = {isa = PBXBuildFile; fileRef = BBBB000C2FBB000C00BB000C /* BASSRadioPlayer+DVR.swift */; };
		BBBB000B2FBB000B00BB000B /* BASSRadioPlayer+DVR.swift in Sources */ = {isa = PBXBuildFile; fileRef = BBBB000C2FBB000C00BB000C /* BASSRadioPlayer+DVR.swift */; };
		BD32698586201316407AE343 /* CachedFZShow.swift in Sources */ = {isa = PBXBuildFile; fileRef = 72F66D9B51B903E6898BC392 /* CachedFZShow.swift */; };
		BE024DBD2F4A655500B2C079 /* Bass in Frameworks */ = {isa = PBXBuildFile; productRef = BE024DBC2F4A655500B2C079 /* Bass */; };
		BE024DBF2F4A655500B2C079 /* BassFLAC in Frameworks */ = {isa = PBXBuildFile; productRef = BE024DBE2F4A655500B2C079 /* BassFLAC */; };
		BE024DC12F4A655500B2C079 /* BassFX in Frameworks */ = {isa = PBXBuildFile; productRef = BE024DC02F4A655500B2C079 /* BassFX */; };
		BE024DC32F4A655500B2C079 /* BassHLS in Frameworks */ = {isa = PBXBuildFile; productRef = BE024DC22F4A655500B2C079 /* BassHLS */; };
		BE024DC52F4A655500B2C079 /* BassMix in Frameworks */ = {isa = PBXBuildFile; productRef = BE024DC42F4A655500B2C079 /* BassMix */; };
		BE024DC72F4A655500B2C079 /* Tags in Frameworks */ = {isa = PBXBuildFile; productRef = BE024DC62F4A655500B2C079 /* Tags */; };
		BE024DD42F4A65D100B2C079 /* bass_fx.xcframework in Frameworks */ = {isa = PBXBuildFile; fileRef = BE024DC92F4A659300B2C079 /* bass_fx.xcframework */; };
		BE024DD52F4A65D200B2C079 /* bass_fx.xcframework in Embed Frameworks */ = {isa = PBXBuildFile; fileRef = BE024DC92F4A659300B2C079 /* bass_fx.xcframework */; settings = {ATTRIBUTES = (CodeSignOnCopy, RemoveHeadersOnCopy, ); }; };
		BE024DD72F4A65D300B2C079 /* bass.xcframework in Frameworks */ = {isa = PBXBuildFile; fileRef = BE024DC82F4A659300B2C079 /* bass.xcframework */; };
		BE024DD82F4A65D300B2C079 /* bass.xcframework in Embed Frameworks */ = {isa = PBXBuildFile; fileRef = BE024DC82F4A659300B2C079 /* bass.xcframework */; settings = {ATTRIBUTES = (CodeSignOnCopy, RemoveHeadersOnCopy, ); }; };
		BE024DD92F4A65D400B2C079 /* bassflac.xcframework in Frameworks */ = {isa = PBXBuildFile; fileRef = BE024DCA2F4A659300B2C079 /* bassflac.xcframework */; };
		BE024DDA2F4A65D400B2C079 /* bassflac.xcframework in Embed Frameworks */ = {isa = PBXBuildFile; fileRef = BE024DCA2F4A659300B2C079 /* bassflac.xcframework */; settings = {ATTRIBUTES = (CodeSignOnCopy, RemoveHeadersOnCopy, ); }; };
		BE024DDB2F4A65D500B2C079 /* basshls.xcframework in Frameworks */ = {isa = PBXBuildFile; fileRef = BE024DCB2F4A659300B2C079 /* basshls.xcframework */; };
		BE024DDC2F4A65D500B2C079 /* basshls.xcframework in Embed Frameworks */ = {isa = PBXBuildFile; fileRef = BE024DCB2F4A659300B2C079 /* basshls.xcframework */; settings = {ATTRIBUTES = (CodeSignOnCopy, RemoveHeadersOnCopy, ); }; };
		BE024DDD2F4A65D600B2C079 /* bassmix.xcframework in Frameworks */ = {isa = PBXBuildFile; fileRef = BE024DCC2F4A659300B2C079 /* bassmix.xcframework */; };
		BE024DDE2F4A65D600B2C079 /* bassmix.xcframework in Embed Frameworks */ = {isa = PBXBuildFile; fileRef = BE024DCC2F4A659300B2C079 /* bassmix.xcframework */; settings = {ATTRIBUTES = (CodeSignOnCopy, RemoveHeadersOnCopy, ); }; };
		BE024DDF2F4A65D700B2C079 /* tags.xcframework in Frameworks */ = {isa = PBXBuildFile; fileRef = BE024DCD2F4A659300B2C079 /* tags.xcframework */; };
		BE024DE02F4A65D700B2C079 /* tags.xcframework in Embed Frameworks */ = {isa = PBXBuildFile; fileRef = BE024DCD2F4A659300B2C079 /* tags.xcframework */; settings = {ATTRIBUTES = (CodeSignOnCopy, RemoveHeadersOnCopy, ); }; };
		BE024DE32F4A67D800B2C079 /* BASSRadioPlayer.swift in Sources */ = {isa = PBXBuildFile; fileRef = BE024DE22F4A67D800B2C079 /* BASSRadioPlayer.swift */; };
		BE024DE42F4A67F600B2C079 /* BASSRadioPlayer.swift in Sources */ = {isa = PBXBuildFile; fileRef = BE024DE22F4A67D800B2C079 /* BASSRadioPlayer.swift */; };
		BE033A062FD3818A0061FEE3 /* CarPlaySceneDelegate.swift in Sources */ = {isa = PBXBuildFile; fileRef = BE033A052FD3818A0061FEE3 /* CarPlaySceneDelegate.swift */; };
		BE033A082FD3818A0061FEE5 /* CarPlayBridge.swift in Sources */ = {isa = PBXBuildFile; fileRef = BE033A072FD3818A0061FEE4 /* CarPlayBridge.swift */; };
		BE0C0FFEE0000000000000B1 /* PlaybackController.swift in Sources */ = {isa = PBXBuildFile; fileRef = BE0C0FFEE0000000000000A1 /* PlaybackController.swift */; };
		BE17E5000004E5000017E503 /* ReleaseNotes.swift in Sources */ = {isa = PBXBuildFile; fileRef = BE17E5000001E5000017E500 /* ReleaseNotes.swift */; };
		BE17E5000005E5000017E504 /* ReleaseNotes.swift in Sources */ = {isa = PBXBuildFile; fileRef = BE17E5000001E5000017E500 /* ReleaseNotes.swift */; };
		BE17E5000006E5000017E505 /* WhatsNewView.swift in Sources */ = {isa = PBXBuildFile; fileRef = BE17E5000002E5000017E501 /* WhatsNewView.swift */; };
		BE17E5000006E5000017E515 /* WelcomeView.swift in Sources */ = {isa = PBXBuildFile; fileRef = BE17E5000002E5000017E511 /* WelcomeView.swift */; };
		BE17E5000007E5000017E506 /* WhatsNewView.swift in Sources */ = {isa = PBXBuildFile; fileRef = BE17E5000002E5000017E501 /* WhatsNewView.swift */; };
		BE17E5000007E5000017E516 /* WelcomeView.swift in Sources */ = {isa = PBXBuildFile; fileRef = BE17E5000002E5000017E511 /* WelcomeView.swift */; };
		BE1A341F2F30C6D600647B01 /* UncleStreamusApp.swift in Sources */ = {isa = PBXBuildFile; fileRef = BE1A341E2F30C6D600647B01 /* UncleStreamusApp.swift */; };
		BE1A34212F30C6D600647B01 /* ContentView.swift in Sources */ = {isa = PBXBuildFile; fileRef = BE1A34202F30C6D600647B01 /* ContentView.swift */; };
		BE1A34252F30C6D800647B01 /* Assets.xcassets in Resources */ = {isa = PBXBuildFile; fileRef = BE1A34242F30C6D800647B01 /* Assets.xcassets */; };
		BE1A34292F30C6D800647B01 /* Preview Assets.xcassets in Resources */ = {isa = PBXBuildFile; fileRef = BE1A34282F30C6D800647B01 /* Preview Assets.xcassets */; };
		BE2FCA5F2F3CB6F70038E706 /* Assets.xcassets in Resources */ = {isa = PBXBuildFile; fileRef = BE2FCA5E2F3CB6F70038E706 /* Assets.xcassets */; };
		BE2FCA622F3CB6F70038E706 /* Preview Assets.xcassets in Resources */ = {isa = PBXBuildFile; fileRef = BE2FCA612F3CB6F70038E706 /* Preview Assets.xcassets */; };
		BE2FCA682F3CBB2E0038E706 /* PlatformHelpers.swift in Sources */ = {isa = PBXBuildFile; fileRef = BE2FCA672F3CBB2E0038E706 /* PlatformHelpers.swift */; };
		BE2FCA692F3CBB2E0038E706 /* PlatformHelpers.swift in Sources */ = {isa = PBXBuildFile; fileRef = BE2FCA672F3CBB2E0038E706 /* PlatformHelpers.swift */; };
		BE2FCA6B2F3CBB520038E706 /* ContentView_iOS.swift in Sources */ = {isa = PBXBuildFile; fileRef = BE2FCA6A2F3CBB520038E706 /* ContentView_iOS.swift */; };
		BE2FCA6C2F3CBBC90038E706 /* ContentView_iOS.swift in Sources */ = {isa = PBXBuildFile; fileRef = BE2FCA6A2F3CBB520038E706 /* ContentView_iOS.swift */; };
		BE2FCA6D2F3CBBCA0038E706 /* Stream.swift in Sources */ = {isa = PBXBuildFile; fileRef = BE9A83BE2F33AC3500D3B5D7 /* Stream.swift */; };
		BE2FCA6E2F3CBBCA0038E706 /* ParsedTrackInfo.swift in Sources */ = {isa = PBXBuildFile; fileRef = BE9A83BC2F33ABC900D3B5D7 /* ParsedTrackInfo.swift */; };
		BE2FCA6F2F3CBBCA0038E706 /* FilterView.swift in Sources */ = {isa = PBXBuildFile; fileRef = DCCF0D1FDDFBD14D1C5551E6 /* FilterView.swift */; };
		BE2FCA702F3CBBCA0038E706 /* ShowEntryRow.swift in Sources */ = {isa = PBXBuildFile; fileRef = BEAA00082F34000100AA0009 /* ShowEntryRow.swift */; };
		BE2FCA712F3CBBCA0038E706 /* TourPeriods.swift in Sources */ = {isa = PBXBuildFile; fileRef = 5728FAB37EE9743EFCABFB0B /* TourPeriods.swift */; };
		BE2FCA722F3CBBCA0038E706 /* ShowDataManager.swift in Sources */ = {isa = PBXBuildFile; fileRef = BEAA00042F34000100AA0005 /* ShowDataManager.swift */; };
		BE2FCA732F3CBBCA0038E706 /* SidebarView.swift in Sources */ = {isa = PBXBuildFile; fileRef = BEAA00062F34000100AA0007 /* SidebarView.swift */; };
		BE2FCA742F3CBBCA0038E706 /* UncleStreamusApp.swift in Sources */ = {isa = PBXBuildFile; fileRef = BE1A341E2F30C6D600647B01 /* UncleStreamusApp.swift */; };
		BE2FCA752F3CBBCA0038E706 /* Acronym.swift in Sources */ = {isa = PBXBuildFile; fileRef = BEAA00002F34000100AA0001 /* Acronym.swift */; };
		BE2FCA762F3CBBCA0038E706 /* FZShowsFetcher.swift in Sources */ = {isa = PBXBuildFile; fileRef = BEE59E1E2F3223DB00230D3D /* FZShowsFetcher.swift */; };
		BE2FCA782F3CBBCA0038E706 /* ScaledFont.swift in Sources */ = {isa = PBXBuildFile; fileRef = B859389429B13E3327751EB4 /* ScaledFont.swift */; };
		BE2FCA792F3CBBCA0038E706 /* SettingsView.swift in Sources */ = {isa = PBXBuildFile; fileRef = 5BA7404A7B6B3A2EB5BE9DFC /* SettingsView.swift */; };
		BE2FCA7A2F3CBBCA0038E706 /* SongFormatter.swift in Sources */ = {isa = PBXBuildFile; fileRef = 752DBEE239607630EF9BE524 /* SongFormatter.swift */; };
		BE2FCA7B2F3CBBCA0038E706 /* SavedShow.swift in Sources */ = {isa = PBXBuildFile; fileRef = BEAA00022F34000100AA0003 /* SavedShow.swift */; };
		BE2FCA7C2F3CBBCA0038E706 /* MarqueeText.swift in Sources */ = {isa = PBXBuildFile; fileRef = BEF8E53D2F3A873A000B6773 /* MarqueeText.swift */; };
		BE5A1F012F5A1F0100BE5A11 /* StoreProtection.swift in Sources */ = {isa = PBXBuildFile; fileRef = BE5A1F002F5A1F0000BE5A10 /* StoreProtection.swift */; };
		BE5A1F022F5A1F0200BE5A12 /* StoreProtection.swift in Sources */ = {isa = PBXBuildFile; fileRef = BE5A1F002F5A1F0000BE5A10 /* StoreProtection.swift */; };
		BE9A83BD2F33ABC900D3B5D7 /* ParsedTrackInfo.swift in Sources */ = {isa = PBXBuildFile; fileRef = BE9A83BC2F33ABC900D3B5D7 /* ParsedTrackInfo.swift */; };
		BE9A83BF2F33AC3500D3B5D7 /* Stream.swift in Sources */ = {isa = PBXBuildFile; fileRef = BE9A83BE2F33AC3500D3B5D7 /* Stream.swift */; };
		BEAA00012F34000100AA0001 /* Acronym.swift in Sources */ = {isa = PBXBuildFile; fileRef = BEAA00002F34000100AA0001 /* Acronym.swift */; };
		BEAA00032F34000100AA0003 /* SavedShow.swift in Sources */ = {isa = PBXBuildFile; fileRef = BEAA00022F34000100AA0003 /* SavedShow.swift */; };
		BEAA00052F34000100AA0005 /* ShowDataManager.swift in Sources */ = {isa = PBXBuildFile; fileRef = BEAA00042F34000100AA0005 /* ShowDataManager.swift */; };
		BEAA00072F34000100AA0007 /* SidebarView.swift in Sources */ = {isa = PBXBuildFile; fileRef = BEAA00062F34000100AA0007 /* SidebarView.swift */; };
		BEAA00092F34000100AA0009 /* ShowEntryRow.swift in Sources */ = {isa = PBXBuildFile; fileRef = BEAA00082F34000100AA0009 /* ShowEntryRow.swift */; };
		BEAC1C0620261010BEAC1C06 /* AppIcon.icns in Resources */ = {isa = PBXBuildFile; fileRef = BEAC1C0520261010BEAC1C05 /* AppIcon.icns */; };
		BEB8D8F22FC4F7B100286967 /* PrivacyInfo.xcprivacy in Resources */ = {isa = PBXBuildFile; fileRef = BEB8D8F12FC4F7B100286967 /* PrivacyInfo.xcprivacy */; };
		BEB8D8F32FC4F7B100286967 /* PrivacyInfo.xcprivacy in Resources */ = {isa = PBXBuildFile; fileRef = BEB8D8F12FC4F7B100286967 /* PrivacyInfo.xcprivacy */; };
		BEE59E1F2F3223DB00230D3D /* FZShowsFetcher.swift in Sources */ = {isa = PBXBuildFile; fileRef = BEE59E1E2F3223DB00230D3D /* FZShowsFetcher.swift */; };
		BEF8E53E2F3A873A000B6773 /* MarqueeText.swift in Sources */ = {isa = PBXBuildFile; fileRef = BEF8E53D2F3A873A000B6773 /* MarqueeText.swift */; };
		BEFADE0100000000000000F2 /* TransportControlsLayout.swift in Sources */ = {isa = PBXBuildFile; fileRef = BEFADE0100000000000000F1 /* TransportControlsLayout.swift */; };
		BEFADE0100000000000000F3 /* TransportControlsLayout.swift in Sources */ = {isa = PBXBuildFile; fileRef = BEFADE0100000000000000F1 /* TransportControlsLayout.swift */; };
		C3A1F8B52F9D0E5700C3A1F8 /* StreamBuffer.swift in Sources */ = {isa = PBXBuildFile; fileRef = C3A1F8B42F9D0E5700C3A1F8 /* StreamBuffer.swift */; };
		C3A1F8B62F9D0E5700C3A1F8 /* StreamBuffer.swift in Sources */ = {isa = PBXBuildFile; fileRef = C3A1F8B42F9D0E5700C3A1F8 /* StreamBuffer.swift */; };
		CC03DC000003DC0300CC03DC /* DonlopeIndexCache.swift in Sources */ = {isa = PBXBuildFile; fileRef = CC01DC000001DC0100CC01DC /* DonlopeIndexCache.swift */; };
		CC04DC000004DC0400CC04DC /* DonlopeIndexCache.swift in Sources */ = {isa = PBXBuildFile; fileRef = CC01DC000001DC0100CC01DC /* DonlopeIndexCache.swift */; };
		CC05DC000005DC0500CC05DC /* TrackInfoView.swift in Sources */ = {isa = PBXBuildFile; fileRef = CC02DC000002DC0200CC02DC /* TrackInfoView.swift */; };
		CC06DC000006DC0600CC06DC /* TrackInfoView.swift in Sources */ = {isa = PBXBuildFile; fileRef = CC02DC000002DC0200CC02DC /* TrackInfoView.swift */; };
		CC07DC000007DC0700CC07DC /* SetlistInfoView.swift in Sources */ = {isa = PBXBuildFile; fileRef = CC0ADC00000ADC0A00CC0ADC /* SetlistInfoView.swift */; };
		CC08DC000008DC0800CC08DC /* SetlistInfoView.swift in Sources */ = {isa = PBXBuildFile; fileRef = CC0ADC00000ADC0A00CC0ADC /* SetlistInfoView.swift */; };
		D0C0B12BF2DF6D0B6E3A9FB6 /* ExportFormatter.swift in Sources */ = {isa = PBXBuildFile; fileRef = 18541B2FC35725D5D3753DA5 /* ExportFormatter.swift */; };
		D7AD703B5B1743C183C698F7 /* AudioFXView.swift in Sources */ = {isa = PBXBuildFile; fileRef = A2D1D3BDE8FA45B18C165DAE /* AudioFXView.swift */; };
		E9F0619C0B0FB298E575550C /* ExportFormatter.swift in Sources */ = {isa = PBXBuildFile; fileRef = 18541B2FC35725D5D3753DA5 /* ExportFormatter.swift */; };
		EBB2C65450DF6C61B3EACC69 /* FZShowsDatabase.swift in Sources */ = {isa = PBXBuildFile; fileRef = CCEA788CAA6882C71E437FF1 /* FZShowsDatabase.swift */; };
		F62804A5EF88994291433F17 /* FilterView.swift in Sources */ = {isa = PBXBuildFile; fileRef = DCCF0D1FDDFBD14D1C5551E6 /* FilterView.swift */; };
		FB9EB0FC339F4A605EC4E4EA /* SongFormatter.swift in Sources */ = {isa = PBXBuildFile; fileRef = 752DBEE239607630EF9BE524 /* SongFormatter.swift */; };
/* End PBXBuildFile section */

/* Begin PBXContainerItemProxy section */
		AAAA00712FAA007100AA0071 /* PBXContainerItemProxy */ = {
			isa = PBXContainerItemProxy;
			containerPortal = BE1A34132F30C6D600647B01 /* Project object */;
			proxyType = 1;
			remoteGlobalIDString = BE1A341A2F30C6D600647B01;
			remoteInfo = UncleStreamus;
		};
/* End PBXContainerItemProxy section */

/* Begin PBXCopyFilesBuildPhase section */
		BE024DD62F4A65D200B2C079 /* Embed Frameworks */ = {
			isa = PBXCopyFilesBuildPhase;
			buildActionMask = 2147483647;
			dstPath = "";
			dstSubfolderSpec = 10;
			files = (
				BE024DE02F4A65D700B2C079 /* tags.xcframework in Embed Frameworks */,
				BE024DDE2F4A65D600B2C079 /* bassmix.xcframework in Embed Frameworks */,
				BE024DDA2F4A65D400B2C079 /* bassflac.xcframework in Embed Frameworks */,
				BE024DD82F4A65D300B2C079 /* bass.xcframework in Embed Frameworks */,
				BE024DDC2F4A65D500B2C079 /* basshls.xcframework in Embed Frameworks */,
				BE024DD52F4A65D200B2C079 /* bass_fx.xcframework in Embed Frameworks */,
			);
			name = "Embed Frameworks";
			runOnlyForDeploymentPostprocessing = 0;
		};
/* End PBXCopyFilesBuildPhase section */

/* Begin PBXFileReference section */
		18541B2FC35725D5D3753DA5 /* ExportFormatter.swift */ = {isa = PBXFileReference; lastKnownFileType = sourcecode.swift; path = ExportFormatter.swift; sourceTree = "<group>"; };
		5728FAB37EE9743EFCABFB0B /* TourPeriods.swift */ = {isa = PBXFileReference; includeInIndex = 1; lastKnownFileType = sourcecode.swift; path = TourPeriods.swift; sourceTree = "<group>"; };
		5BA7404A7B6B3A2EB5BE9DFC /* SettingsView.swift */ = {isa = PBXFileReference; includeInIndex = 1; lastKnownFileType = sourcecode.swift; path = SettingsView.swift; sourceTree = "<group>"; };
		72F66D9B51B903E6898BC392 /* CachedFZShow.swift */ = {isa = PBXFileReference; includeInIndex = 1; lastKnownFileType = sourcecode.swift; path = CachedFZShow.swift; sourceTree = "<group>"; };
		752DBEE239607630EF9BE524 /* SongFormatter.swift */ = {isa = PBXFileReference; includeInIndex = 1; lastKnownFileType = sourcecode.swift; path = SongFormatter.swift; sourceTree = "<group>"; };
		A2D1D3BDE8FA45B18C165DAE /* AudioFXView.swift */ = {isa = PBXFileReference; lastKnownFileType = sourcecode.swift; path = AudioFXView.swift; sourceTree = "<group>"; };
		AA0000000000000000000001 /* ContentViewShared.swift */ = {isa = PBXFileReference; lastKnownFileType = sourcecode.swift; path = ContentViewShared.swift; sourceTree = "<group>"; };
		AA0000000000000000000011 /* ContentViewSharedTests.swift */ = {isa = PBXFileReference; lastKnownFileType = sourcecode.swift; path = ContentViewSharedTests.swift; sourceTree = "<group>"; };
		AA0000000000000000000021 /* RadioViewModel.swift */ = {isa = PBXFileReference; lastKnownFileType = sourcecode.swift; path = RadioViewModel.swift; sourceTree = "<group>"; };
		AA0000000000000000000030 /* BASSRadioPlayerLogic.swift */ = {isa = PBXFileReference; lastKnownFileType = sourcecode.swift; path = BASSRadioPlayerLogic.swift; sourceTree = "<group>"; };
		AA0000000000000000000033 /* BASSRadioPlayerLogicTests.swift */ = {isa = PBXFileReference; lastKnownFileType = sourcecode.swift; path = BASSRadioPlayerLogicTests.swift; sourceTree = "<group>"; };
		AAAA00012FAA000100AA0001 /* ParsedTrackInfoTests.swift */ = {isa = PBXFileReference; lastKnownFileType = sourcecode.swift; path = ParsedTrackInfoTests.swift; sourceTree = "<group>"; };
		AAAA00022FAA000200AA0002 /* TourMappingTests.swift */ = {isa = PBXFileReference; lastKnownFileType = sourcecode.swift; path = TourMappingTests.swift; sourceTree = "<group>"; };
		AAAA00032FAA000300AA0003 /* ShowTimeFetcherTests.swift */ = {isa = PBXFileReference; lastKnownFileType = sourcecode.swift; path = ShowTimeFetcherTests.swift; sourceTree = "<group>"; };
		AAAA00042FAA000400AA0004 /* SavedShowTests.swift */ = {isa = PBXFileReference; lastKnownFileType = sourcecode.swift; path = SavedShowTests.swift; sourceTree = "<group>"; };
		AAAA00052FAA000500AA0005 /* StreamBufferTests.swift */ = {isa = PBXFileReference; lastKnownFileType = sourcecode.swift; path = StreamBufferTests.swift; sourceTree = "<group>"; };
		AAAA00062FAA000600AA0006 /* UncleStreamusTests.xctest */ = {isa = PBXFileReference; explicitFileType = wrapper.cfbundle; includeInIndex = 0; path = UncleStreamusTests.xctest; sourceTree = BUILT_PRODUCTS_DIR; };
		AAAA00072FAA000700AA0007 /* FZShowsImportTests.swift */ = {isa = PBXFileReference; lastKnownFileType = sourcecode.swift; path = FZShowsImportTests.swift; sourceTree = "<group>"; };
		AFAF780DA29F39C724E66902 /* FZShowsPageRecord.swift */ = {isa = PBXFileReference; includeInIndex = 1; lastKnownFileType = sourcecode.swift; path = FZShowsPageRecord.swift; sourceTree = "<group>"; };
		B859389429B13E3327751EB4 /* ScaledFont.swift */ = {isa = PBXFileReference; includeInIndex = 1; lastKnownFileType = sourcecode.swift; path = ScaledFont.swift; sourceTree = "<group>"; };
		BBBB00052FBB000500BB0005 /* BASSRadioPlayer+Playback.swift */ = {isa = PBXFileReference; lastKnownFileType = sourcecode.swift; path = "BASSRadioPlayer+Playback.swift"; sourceTree = "<group>"; };
		BBBB00062FBB000600BB0006 /* BASSRadioPlayer+AudioFX.swift */ = {isa = PBXFileReference; lastKnownFileType = sourcecode.swift; path = "BASSRadioPlayer+AudioFX.swift"; sourceTree = "<group>"; };
		BBBB00092FBB000900BB0009 /* BASSRadioPlayer+Metadata.swift */ = {isa = PBXFileReference; lastKnownFileType = sourcecode.swift; path = "BASSRadioPlayer+Metadata.swift"; sourceTree = "<group>"; };
		BBBB000C2FBB000C00BB000C /* BASSRadioPlayer+DVR.swift */ = {isa = PBXFileReference; lastKnownFileType = sourcecode.swift; path = "BASSRadioPlayer+DVR.swift"; sourceTree = "<group>"; };
		BE024DC82F4A659300B2C079 /* bass.xcframework */ = {isa = PBXFileReference; lastKnownFileType = wrapper.xcframework; name = bass.xcframework; path = Frameworks/iOS/bass.xcframework; sourceTree = SOURCE_ROOT; };
		BE024DC92F4A659300B2C079 /* bass_fx.xcframework */ = {isa = PBXFileReference; lastKnownFileType = wrapper.xcframework; name = bass_fx.xcframework; path = Frameworks/iOS/bass_fx.xcframework; sourceTree = SOURCE_ROOT; };
		BE024DCA2F4A659300B2C079 /* bassflac.xcframework */ = {isa = PBXFileReference; lastKnownFileType = wrapper.xcframework; name = bassflac.xcframework; path = Frameworks/iOS/bassflac.xcframework; sourceTree = SOURCE_ROOT; };
		BE024DCB2F4A659300B2C079 /* basshls.xcframework */ = {isa = PBXFileReference; lastKnownFileType = wrapper.xcframework; name = basshls.xcframework; path = Frameworks/iOS/basshls.xcframework; sourceTree = SOURCE_ROOT; };
		BE024DCC2F4A659300B2C079 /* bassmix.xcframework */ = {isa = PBXFileReference; lastKnownFileType = wrapper.xcframework; name = bassmix.xcframework; path = Frameworks/iOS/bassmix.xcframework; sourceTree = SOURCE_ROOT; };
		BE024DCD2F4A659300B2C079 /* tags.xcframework */ = {isa = PBXFileReference; lastKnownFileType = wrapper.xcframework; name = tags.xcframework; path = Frameworks/iOS/tags.xcframework; sourceTree = SOURCE_ROOT; };
		BE024DE12F4A67D800B2C079 /* BASSBridgingHeader.h */ = {isa = PBXFileReference; lastKnownFileType = sourcecode.c.h; path = BASSBridgingHeader.h; sourceTree = "<group>"; };
		BE024DE22F4A67D800B2C079 /* BASSRadioPlayer.swift */ = {isa = PBXFileReference; lastKnownFileType = sourcecode.swift; path = BASSRadioPlayer.swift; sourceTree = "<group>"; };
		BE033A052FD3818A0061FEE3 /* CarPlaySceneDelegate.swift */ = {isa = PBXFileReference; lastKnownFileType = sourcecode.swift; path = CarPlaySceneDelegate.swift; sourceTree = "<group>"; };
		BE033A072FD3818A0061FEE4 /* CarPlayBridge.swift */ = {isa = PBXFileReference; lastKnownFileType = sourcecode.swift; path = CarPlayBridge.swift; sourceTree = "<group>"; };
		BE0C0FFEE0000000000000A1 /* PlaybackController.swift */ = {isa = PBXFileReference; lastKnownFileType = sourcecode.swift; path = PlaybackController.swift; sourceTree = "<group>"; };
		BE17E5000001E5000017E500 /* ReleaseNotes.swift */ = {isa = PBXFileReference; lastKnownFileType = sourcecode.swift; path = ReleaseNotes.swift; sourceTree = "<group>"; };
		BE17E5000002E5000017E501 /* WhatsNewView.swift */ = {isa = PBXFileReference; lastKnownFileType = sourcecode.swift; path = WhatsNewView.swift; sourceTree = "<group>"; };
		BE17E5000002E5000017E511 /* WelcomeView.swift */ = {isa = PBXFileReference; lastKnownFileType = sourcecode.swift; path = WelcomeView.swift; sourceTree = "<group>"; };
		BE1A341B2F30C6D600647B01 /* UncleStreamus.app */ = {isa = PBXFileReference; explicitFileType = wrapper.application; includeInIndex = 0; path = UncleStreamus.app; sourceTree = BUILT_PRODUCTS_DIR; };
		BE1A341E2F30C6D600647B01 /* UncleStreamusApp.swift */ = {isa = PBXFileReference; lastKnownFileType = sourcecode.swift; path = UncleStreamusApp.swift; sourceTree = "<group>"; };
		BE1A34202F30C6D600647B01 /* ContentView.swift */ = {isa = PBXFileReference; lastKnownFileType = sourcecode.swift; path = ContentView.swift; sourceTree = "<group>"; };
		BE1A34242F30C6D800647B01 /* Assets.xcassets */ = {isa = PBXFileReference; lastKnownFileType = folder.assetcatalog; path = Assets.xcassets; sourceTree = "<group>"; };
		BE1A34262F30C6D800647B01 /* UncleStreamus.entitlements */ = {isa = PBXFileReference; lastKnownFileType = text.plist.entitlements; path = UncleStreamus.entitlements; sourceTree = "<group>"; };
		BE1A34282F30C6D800647B01 /* Preview Assets.xcassets */ = {isa = PBXFileReference; lastKnownFileType = folder.assetcatalog; path = "Preview Assets.xcassets"; sourceTree = "<group>"; };
		BE2FCA562F3CB6F60038E706 /* UncleStreamus.app */ = {isa = PBXFileReference; explicitFileType = wrapper.application; includeInIndex = 0; path = UncleStreamus.app; sourceTree = BUILT_PRODUCTS_DIR; };
		BE2FCA5E2F3CB6F70038E706 /* Assets.xcassets */ = {isa = PBXFileReference; lastKnownFileType = folder.assetcatalog; path = Assets.xcassets; sourceTree = "<group>"; };
		BE2FCA612F3CB6F70038E706 /* Preview Assets.xcassets */ = {isa = PBXFileReference; lastKnownFileType = folder.assetcatalog; path = "Preview Assets.xcassets"; sourceTree = "<group>"; };
		BE2FCA662F3CB93F0038E706 /* Info.plist */ = {isa = PBXFileReference; lastKnownFileType = text.plist; path = Info.plist; sourceTree = "<group>"; };
		BE2FCA672F3CBB2E0038E706 /* PlatformHelpers.swift */ = {isa = PBXFileReference; fileEncoding = 4; lastKnownFileType = sourcecode.swift; path = PlatformHelpers.swift; sourceTree = "<group>"; };
		BE2FCA6A2F3CBB520038E706 /* ContentView_iOS.swift */ = {isa = PBXFileReference; fileEncoding = 4; lastKnownFileType = sourcecode.swift; path = ContentView_iOS.swift; sourceTree = "<group>"; };
		BE5A1F002F5A1F0000BE5A10 /* StoreProtection.swift */ = {isa = PBXFileReference; lastKnownFileType = sourcecode.swift; path = StoreProtection.swift; sourceTree = "<group>"; };
		BE9A83BC2F33ABC900D3B5D7 /* ParsedTrackInfo.swift */ = {isa = PBXFileReference; lastKnownFileType = sourcecode.swift; path = ParsedTrackInfo.swift; sourceTree = "<group>"; };
		BE9A83BE2F33AC3500D3B5D7 /* Stream.swift */ = {isa = PBXFileReference; lastKnownFileType = sourcecode.swift; path = Stream.swift; sourceTree = "<group>"; };
		BEA501FE2FD98D8A00C2A02F /* UncleStreamusTests.entitlements */ = {isa = PBXFileReference; lastKnownFileType = text.plist.entitlements; path = UncleStreamusTests.entitlements; sourceTree = "<group>"; };
		BEA501FF2FD9904000C2A02F /* UncleStreamus-Debug.entitlements */ = {isa = PBXFileReference; lastKnownFileType = text.plist.entitlements; name = "UncleStreamus-Debug.entitlements"; path = "UncleStreamus/UncleStreamus-Debug.entitlements"; sourceTree = "<group>"; };
		BEAA00002F34000100AA0001 /* Acronym.swift */ = {isa = PBXFileReference; lastKnownFileType = sourcecode.swift; path = Acronym.swift; sourceTree = "<group>"; };
		BEAA00022F34000100AA0003 /* SavedShow.swift */ = {isa = PBXFileReference; lastKnownFileType = sourcecode.swift; path = SavedShow.swift; sourceTree = "<group>"; };
		BEAA00042F34000100AA0005 /* ShowDataManager.swift */ = {isa = PBXFileReference; lastKnownFileType = sourcecode.swift; path = ShowDataManager.swift; sourceTree = "<group>"; };
		BEAA00062F34000100AA0007 /* SidebarView.swift */ = {isa = PBXFileReference; lastKnownFileType = sourcecode.swift; path = SidebarView.swift; sourceTree = "<group>"; };
		BEAA00082F34000100AA0009 /* ShowEntryRow.swift */ = {isa = PBXFileReference; lastKnownFileType = sourcecode.swift; path = ShowEntryRow.swift; sourceTree = "<group>"; };
		BEAC1C0520261010BEAC1C05 /* AppIcon.icns */ = {isa = PBXFileReference; lastKnownFileType = image.icns; path = AppIcon.icns; sourceTree = "<group>"; };
		BEB8D8F12FC4F7B100286967 /* PrivacyInfo.xcprivacy */ = {isa = PBXFileReference; lastKnownFileType = text.xml; path = PrivacyInfo.xcprivacy; sourceTree = "<group>"; };
		BED5C49B2F30D50C009DB6FE /* Cocoa.framework */ = {isa = PBXFileReference; lastKnownFileType = wrapper.framework; name = Cocoa.framework; path = System/Library/Frameworks/Cocoa.framework; sourceTree = SDKROOT; };
		BEE59E1E2F3223DB00230D3D /* FZShowsFetcher.swift */ = {isa = PBXFileReference; lastKnownFileType = sourcecode.swift; path = FZShowsFetcher.swift; sourceTree = "<group>"; };
		BEF8E53D2F3A873A000B6773 /* MarqueeText.swift */ = {isa = PBXFileReference; fileEncoding = 4; lastKnownFileType = sourcecode.swift; path = MarqueeText.swift; sourceTree = "<group>"; };
		BEFADE0100000000000000F1 /* TransportControlsLayout.swift */ = {isa = PBXFileReference; lastKnownFileType = sourcecode.swift; path = TransportControlsLayout.swift; sourceTree = "<group>"; };
		C3A1F8B42F9D0E5700C3A1F8 /* StreamBuffer.swift */ = {isa = PBXFileReference; lastKnownFileType = sourcecode.swift; path = StreamBuffer.swift; sourceTree = "<group>"; };
		CC01DC000001DC0100CC01DC /* DonlopeIndexCache.swift */ = {isa = PBXFileReference; lastKnownFileType = sourcecode.swift; path = DonlopeIndexCache.swift; sourceTree = "<group>"; };
		CC02DC000002DC0200CC02DC /* TrackInfoView.swift */ = {isa = PBXFileReference; lastKnownFileType = sourcecode.swift; path = TrackInfoView.swift; sourceTree = "<group>"; };
		CC0ADC00000ADC0A00CC0ADC /* SetlistInfoView.swift */ = {isa = PBXFileReference; lastKnownFileType = sourcecode.swift; path = SetlistInfoView.swift; sourceTree = "<group>"; };
		CC3E00002F3E000000CC3E00 /* UncleStreamus-iOS.entitlements */ = {isa = PBXFileReference; lastKnownFileType = text.plist.entitlements; path = "UncleStreamus-iOS.entitlements"; sourceTree = "<group>"; };
		CCEA788CAA6882C71E437FF1 /* FZShowsDatabase.swift */ = {isa = PBXFileReference; includeInIndex = 1; lastKnownFileType = sourcecode.swift; path = FZShowsDatabase.swift; sourceTree = "<group>"; };
		DCCF0D1FDDFBD14D1C5551E6 /* FilterView.swift */ = {isa = PBXFileReference; includeInIndex = 1; lastKnownFileType = sourcecode.swift; path = FilterView.swift; sourceTree = "<group>"; };
/* End PBXFileReference section */

/* Begin PBXFrameworksBuildPhase section */
		AAAA00222FAA002200AA0022 /* Frameworks */ = {
			isa = PBXFrameworksBuildPhase;
			buildActionMask = 2147483647;
			files = (
			);
			runOnlyForDeploymentPostprocessing = 0;
		};
		BE1A34182F30C6D600647B01 /* Frameworks */ = {
			isa = PBXFrameworksBuildPhase;
			buildActionMask = 2147483647;
			files = (
				BE024DC12F4A655500B2C079 /* BassFX in Frameworks */,
				BE024DC72F4A655500B2C079 /* Tags in Frameworks */,
				BE024DC32F4A655500B2C079 /* BassHLS in Frameworks */,
				BE024DBD2F4A655500B2C079 /* Bass in Frameworks */,
				BE024DC52F4A655500B2C079 /* BassMix in Frameworks */,
				BE024DBF2F4A655500B2C079 /* BassFLAC in Frameworks */,
			);
			runOnlyForDeploymentPostprocessing = 0;
		};
		BE2FCA532F3CB6F60038E706 /* Frameworks */ = {
			isa = PBXFrameworksBuildPhase;
			buildActionMask = 2147483647;
			files = (
				BE024DDB2F4A65D500B2C079 /* basshls.xcframework in Frameworks */,
				BE024DD72F4A65D300B2C079 /* bass.xcframework in Frameworks */,
				BE024DD92F4A65D400B2C079 /* bassflac.xcframework in Frameworks */,
				BE024DD42F4A65D100B2C079 /* bass_fx.xcframework in Frameworks */,
				BE024DDD2F4A65D600B2C079 /* bassmix.xcframework in Frameworks */,
				BE024DDF2F4A65D700B2C079 /* tags.xcframework in Frameworks */,
			);
			runOnlyForDeploymentPostprocessing = 0;
		};
/* End PBXFrameworksBuildPhase section */

/* Begin PBXGroup section */
		AAAA00602FAA006000AA0060 /* UncleStreamusTests */ = {
			isa = PBXGroup;
			children = (
				BEA501FE2FD98D8A00C2A02F /* UncleStreamusTests.entitlements */,
				AAAA00012FAA000100AA0001 /* ParsedTrackInfoTests.swift */,
				AA0000000000000000000011 /* ContentViewSharedTests.swift */,
				AAAA00022FAA000200AA0002 /* TourMappingTests.swift */,
				AAAA00032FAA000300AA0003 /* ShowTimeFetcherTests.swift */,
				AAAA00042FAA000400AA0004 /* SavedShowTests.swift */,
				AAAA00052FAA000500AA0005 /* StreamBufferTests.swift */,
				AA0000000000000000000033 /* BASSRadioPlayerLogicTests.swift */,
				AAAA00072FAA000700AA0007 /* FZShowsImportTests.swift */,
			);
			path = UncleStreamusTests;
			sourceTree = "<group>";
		};
		B7EB114D716DB2355761DC19 /* Frameworks */ = {
			isa = PBXGroup;
			children = (
				BED5C49B2F30D50C009DB6FE /* Cocoa.framework */,
			);
			name = Frameworks;
			sourceTree = "<group>";
		};
		BE1A34122F30C6D600647B01 = {
			isa = PBXGroup;
			children = (
				BE1A341D2F30C6D600647B01 /* UncleStreamus */,
				BE2FCA572F3CB6F60038E706 /* UncleStreamus-iOS */,
				AAAA00602FAA006000AA0060 /* UncleStreamusTests */,
				BE1A341C2F30C6D600647B01 /* Products */,
				B7EB114D716DB2355761DC19 /* Frameworks */,
			);
			sourceTree = "<group>";
		};
		BE1A341C2F30C6D600647B01 /* Products */ = {
			isa = PBXGroup;
			children = (
				BE1A341B2F30C6D600647B01 /* UncleStreamus.app */,
				BE2FCA562F3CB6F60038E706 /* UncleStreamus.app */,
				AAAA00062FAA000600AA0006 /* UncleStreamusTests.xctest */,
			);
			name = Products;
			sourceTree = "<group>";
		};
		BE1A341D2F30C6D600647B01 /* UncleStreamus */ = {
			isa = PBXGroup;
			children = (
				BEAA00002F34000100AA0001 /* Acronym.swift */,
				BEAC1C0520261010BEAC1C05 /* AppIcon.icns */,
				BE1A34242F30C6D800647B01 /* Assets.xcassets */,
				A2D1D3BDE8FA45B18C165DAE /* AudioFXView.swift */,
				BE024DE12F4A67D800B2C079 /* BASSBridgingHeader.h */,
				BE024DE22F4A67D800B2C079 /* BASSRadioPlayer.swift */,
				BBBB00062FBB000600BB0006 /* BASSRadioPlayer+AudioFX.swift */,
				BBBB000C2FBB000C00BB000C /* BASSRadioPlayer+DVR.swift */,
				BBBB00092FBB000900BB0009 /* BASSRadioPlayer+Metadata.swift */,
				BBBB00052FBB000500BB0005 /* BASSRadioPlayer+Playback.swift */,
				72F66D9B51B903E6898BC392 /* CachedFZShow.swift */,
				BE033A072FD3818A0061FEE4 /* CarPlayBridge.swift */,
				BE033A052FD3818A0061FEE3 /* CarPlaySceneDelegate.swift */,
				BE0C0FFEE0000000000000A1 /* PlaybackController.swift */,
				BE1A34202F30C6D600647B01 /* ContentView.swift */,
				BE2FCA6A2F3CBB520038E706 /* ContentView_iOS.swift */,
				CC01DC000001DC0100CC01DC /* DonlopeIndexCache.swift */,
				18541B2FC35725D5D3753DA5 /* ExportFormatter.swift */,
				DCCF0D1FDDFBD14D1C5551E6 /* FilterView.swift */,
				CCEA788CAA6882C71E437FF1 /* FZShowsDatabase.swift */,
				BEE59E1E2F3223DB00230D3D /* FZShowsFetcher.swift */,
				AFAF780DA29F39C724E66902 /* FZShowsPageRecord.swift */,
				BEF8E53D2F3A873A000B6773 /* MarqueeText.swift */,
				BEFADE0100000000000000F1 /* TransportControlsLayout.swift */,
				BE9A83BC2F33ABC900D3B5D7 /* ParsedTrackInfo.swift */,
				AA0000000000000000000001 /* ContentViewShared.swift */,
				AA0000000000000000000021 /* RadioViewModel.swift */,
				AA0000000000000000000030 /* BASSRadioPlayerLogic.swift */,
				BE2FCA672F3CBB2E0038E706 /* PlatformHelpers.swift */,
				BE1A34272F30C6D800647B01 /* Preview Content */,
				BEB8D8F12FC4F7B100286967 /* PrivacyInfo.xcprivacy */,
				BE17E5000001E5000017E500 /* ReleaseNotes.swift */,
				BEAA00022F34000100AA0003 /* SavedShow.swift */,
				B859389429B13E3327751EB4 /* ScaledFont.swift */,
				CC0ADC00000ADC0A00CC0ADC /* SetlistInfoView.swift */,
				5BA7404A7B6B3A2EB5BE9DFC /* SettingsView.swift */,
				BEAA00042F34000100AA0005 /* ShowDataManager.swift */,
				BEAA00082F34000100AA0009 /* ShowEntryRow.swift */,
				BEAA00062F34000100AA0007 /* SidebarView.swift */,
				752DBEE239607630EF9BE524 /* SongFormatter.swift */,
				BE5A1F002F5A1F0000BE5A10 /* StoreProtection.swift */,
				BE9A83BE2F33AC3500D3B5D7 /* Stream.swift */,
				C3A1F8B42F9D0E5700C3A1F8 /* StreamBuffer.swift */,
				5728FAB37EE9743EFCABFB0B /* TourPeriods.swift */,
				CC02DC000002DC0200CC02DC /* TrackInfoView.swift */,
				BE17E5000002E5000017E511 /* WelcomeView.swift */,
				BE17E5000002E5000017E501 /* WhatsNewView.swift */,
				BE1A34262F30C6D800647B01 /* UncleStreamus.entitlements */,
				BEA501FF2FD9904000C2A02F /* UncleStreamus-Debug.entitlements */,
				BE1A341E2F30C6D600647B01 /* UncleStreamusApp.swift */,
			);
			path = UncleStreamus;
			sourceTree = "<group>";
		};
		BE1A34272F30C6D800647B01 /* Preview Content */ = {
			isa = PBXGroup;
			children = (
				BE1A34282F30C6D800647B01 /* Preview Assets.xcassets */,
			);
			path = "Preview Content";
			sourceTree = "<group>";
		};
		BE2FCA572F3CB6F60038E706 /* UncleStreamus-iOS */ = {
			isa = PBXGroup;
			children = (
				CC3E00002F3E000000CC3E00 /* UncleStreamus-iOS.entitlements */,
				BE2FCA662F3CB93F0038E706 /* Info.plist */,
				BE2FCA5E2F3CB6F70038E706 /* Assets.xcassets */,
				BE2FCA602F3CB6F70038E706 /* Preview Content */,
				BE024DC82F4A659300B2C079 /* bass.xcframework */,
				BE024DC92F4A659300B2C079 /* bass_fx.xcframework */,
				BE024DCA2F4A659300B2C079 /* bassflac.xcframework */,
				BE024DCB2F4A659300B2C079 /* basshls.xcframework */,
				BE024DCC2F4A659300B2C079 /* bassmix.xcframework */,
				BE024DCD2F4A659300B2C079 /* tags.xcframework */,
			);
			path = "UncleStreamus-iOS";
			sourceTree = "<group>";
		};
		BE2FCA602F3CB6F70038E706 /* Preview Content */ = {
			isa = PBXGroup;
			children = (
				BE2FCA612F3CB6F70038E706 /* Preview Assets.xcassets */,
			);
			path = "Preview Content";
			sourceTree = "<group>";
		};
/* End PBXGroup section */

/* Begin PBXNativeTarget section */
		AAAA00302FAA003000AA0030 /* UncleStreamusTests */ = {
			isa = PBXNativeTarget;
			buildConfigurationList = AAAA00502FAA005000AA0050 /* Build configuration list for PBXNativeTarget "UncleStreamusTests" */;
			buildPhases = (
				AAAA00212FAA002100AA0021 /* Sources */,
				AAAA00222FAA002200AA0022 /* Frameworks */,
			);
			buildRules = (
			);
			dependencies = (
				AAAA00702FAA007000AA0070 /* PBXTargetDependency */,
			);
			name = UncleStreamusTests;
			productName = UncleStreamusTests;
			productReference = AAAA00062FAA000600AA0006 /* UncleStreamusTests.xctest */;
			productType = "com.apple.product-type.bundle.unit-test";
		};
		BE1A341A2F30C6D600647B01 /* UncleStreamus */ = {
			isa = PBXNativeTarget;
			buildConfigurationList = BE1A342C2F30C6D800647B01 /* Build configuration list for PBXNativeTarget "UncleStreamus" */;
			buildPhases = (
				BE1A34172F30C6D600647B01 /* Sources */,
				BE1A34182F30C6D600647B01 /* Frameworks */,
				BE1A34192F30C6D600647B01 /* Resources */,
				BE17E5000008E5000017E520 /* Generate Release Notes */,
			);
			buildRules = (
			);
			dependencies = (
			);
			name = UncleStreamus;
			productName = UncleStreamus;
			productReference = BE1A341B2F30C6D600647B01 /* UncleStreamus.app */;
			productType = "com.apple.product-type.application";
		};
		BE2FCA552F3CB6F60038E706 /* UncleStreamus-iOS */ = {
			isa = PBXNativeTarget;
			buildConfigurationList = BE2FCA652F3CB6F70038E706 /* Build configuration list for PBXNativeTarget "UncleStreamus-iOS" */;
			buildPhases = (
				BE2FCA522F3CB6F60038E706 /* Sources */,
				BE2FCA532F3CB6F60038E706 /* Frameworks */,
				BE2FCA542F3CB6F60038E706 /* Resources */,
				BE024DD62F4A65D200B2C079 /* Embed Frameworks */,
				BE17E5000003E5000017E502 /* Generate Release Notes */,
			);
			buildRules = (
			);
			dependencies = (
			);
			name = "UncleStreamus-iOS";
			productName = "UncleStreamus-iOS";
			productReference = BE2FCA562F3CB6F60038E706 /* UncleStreamus.app */;
			productType = "com.apple.product-type.application";
		};
/* End PBXNativeTarget section */

/* Begin PBXProject section */
		BE1A34132F30C6D600647B01 /* Project object */ = {
			isa = PBXProject;
			attributes = {
				BuildIndependentTargetsInParallel = 1;
				LastSwiftUpdateCheck = 1620;
				LastUpgradeCheck = 2630;
				TargetAttributes = {
					AAAA00302FAA003000AA0030 = {
						CreatedOnToolsVersion = 15.4;
						TestTargetID = BE1A341A2F30C6D600647B01;
					};
					BE1A341A2F30C6D600647B01 = {
						CreatedOnToolsVersion = 15.4;
					};
					BE2FCA552F3CB6F60038E706 = {
						CreatedOnToolsVersion = 15.4;
					};
				};
			};
			buildConfigurationList = BE1A34162F30C6D600647B01 /* Build configuration list for PBXProject "UncleStreamus" */;
			compatibilityVersion = "Xcode 14.0";
			developmentRegion = en;
			hasScannedForEncodings = 0;
			knownRegions = (
				en,
				Base,
			);
			mainGroup = BE1A34122F30C6D600647B01;
			packageReferences = (
				BE024DBB2F4A655500B2C079 /* XCRemoteSwiftPackageReference "CBass" */,
			);
			productRefGroup = BE1A341C2F30C6D600647B01 /* Products */;
			projectDirPath = "";
			projectRoot = "";
			targets = (
				BE1A341A2F30C6D600647B01 /* UncleStreamus */,
				BE2FCA552F3CB6F60038E706 /* UncleStreamus-iOS */,
				AAAA00302FAA003000AA0030 /* UncleStreamusTests */,
			);
		};
/* End PBXProject section */

/* Begin PBXResourcesBuildPhase section */
		BE1A34192F30C6D600647B01 /* Resources */ = {
			isa = PBXResourcesBuildPhase;
			buildActionMask = 2147483647;
			files = (
				BEB8D8F22FC4F7B100286967 /* PrivacyInfo.xcprivacy in Resources */,
				BE1A34292F30C6D800647B01 /* Preview Assets.xcassets in Resources */,
				BE1A34252F30C6D800647B01 /* Assets.xcassets in Resources */,
				BEAC1C0620261010BEAC1C06 /* AppIcon.icns in Resources */,
			);
			runOnlyForDeploymentPostprocessing = 0;
		};
		BE2FCA542F3CB6F60038E706 /* Resources */ = {
			isa = PBXResourcesBuildPhase;
			buildActionMask = 2147483647;
			files = (
				BEB8D8F32FC4F7B100286967 /* PrivacyInfo.xcprivacy in Resources */,
				BE2FCA622F3CB6F70038E706 /* Preview Assets.xcassets in Resources */,
				BE2FCA5F2F3CB6F70038E706 /* Assets.xcassets in Resources */,
			);
			runOnlyForDeploymentPostprocessing = 0;
		};
/* End PBXResourcesBuildPhase section */

/* Begin PBXShellScriptBuildPhase section */
		BE17E5000003E5000017E502 /* Generate Release Notes */ = {
			isa = PBXShellScriptBuildPhase;
			alwaysOutOfDate = 1;
			buildActionMask = 2147483647;
			files = (
			);
			inputFileListPaths = (
			);
			inputPaths = (
			);
			name = "Generate Release Notes";
			outputFileListPaths = (
			);
			outputPaths = (
			);
			runOnlyForDeploymentPostprocessing = 0;
			shellPath = /bin/sh;
			shellScript = "sh \"$SRCROOT/Scripts/generate_release_notes.sh\"\n";
		};
		BE17E5000008E5000017E520 /* Generate Release Notes */ = {
			isa = PBXShellScriptBuildPhase;
			alwaysOutOfDate = 1;
			buildActionMask = 2147483647;
			files = (
			);
			inputFileListPaths = (
			);
			inputPaths = (
			);
			name = "Generate Release Notes";
			outputFileListPaths = (
			);
			outputPaths = (
			);
			runOnlyForDeploymentPostprocessing = 0;
			shellPath = /bin/sh;
			shellScript = "sh \"$SRCROOT/Scripts/generate_release_notes.sh\"\n";
		};
/* End PBXShellScriptBuildPhase section */

/* Begin PBXSourcesBuildPhase section */
		AAAA00212FAA002100AA0021 /* Sources */ = {
			isa = PBXSourcesBuildPhase;
			buildActionMask = 2147483647;
			files = (
				AAAA00112FAA001100AA0011 /* ParsedTrackInfoTests.swift in Sources */,
				AA0000000000000000000012 /* ContentViewSharedTests.swift in Sources */,
				AAAA00122FAA001200AA0012 /* TourMappingTests.swift in Sources */,
				AAAA00132FAA001300AA0013 /* ShowTimeFetcherTests.swift in Sources */,
				AAAA00142FAA001400AA0014 /* SavedShowTests.swift in Sources */,
				AAAA00152FAA001500AA0015 /* StreamBufferTests.swift in Sources */,
				AA0000000000000000000034 /* BASSRadioPlayerLogicTests.swift in Sources */,
				AAAA00172FAA001700AA0017 /* FZShowsImportTests.swift in Sources */,
			);
			runOnlyForDeploymentPostprocessing = 0;
		};
		BE1A34172F30C6D600647B01 /* Sources */ = {
			isa = PBXSourcesBuildPhase;
			buildActionMask = 2147483647;
			files = (
				BE1A34212F30C6D600647B01 /* ContentView.swift in Sources */,
				A5B56D4EB5104EC7B090E187 /* AudioFXView.swift in Sources */,
				BEF8E53E2F3A873A000B6773 /* MarqueeText.swift in Sources */,
				BEE59E1F2F3223DB00230D3D /* FZShowsFetcher.swift in Sources */,
				BEAA00012F34000100AA0001 /* Acronym.swift in Sources */,
				BEAA00032F34000100AA0003 /* SavedShow.swift in Sources */,
				BEAA00052F34000100AA0005 /* ShowDataManager.swift in Sources */,
				BE5A1F012F5A1F0100BE5A11 /* StoreProtection.swift in Sources */,
				BE2FCA6C2F3CBBC90038E706 /* ContentView_iOS.swift in Sources */,
				BEFADE0100000000000000F2 /* TransportControlsLayout.swift in Sources */,
				BEAA00072F34000100AA0007 /* SidebarView.swift in Sources */,
				BEAA00092F34000100AA0009 /* ShowEntryRow.swift in Sources */,
				BE1A341F2F30C6D600647B01 /* UncleStreamusApp.swift in Sources */,
				BE9A83BD2F33ABC900D3B5D7 /* ParsedTrackInfo.swift in Sources */,
				AA0000000000000000000002 /* ContentViewShared.swift in Sources */,
				AA0000000000000000000022 /* RadioViewModel.swift in Sources */,
				BE17E5000005E5000017E504 /* ReleaseNotes.swift in Sources */,
				BE17E5000007E5000017E506 /* WhatsNewView.swift in Sources */,
				BE17E5000007E5000017E516 /* WelcomeView.swift in Sources */,
				BE9A83BF2F33AC3500D3B5D7 /* Stream.swift in Sources */,
				07D191737EF2D1D5E95B0ADB /* ScaledFont.swift in Sources */,
				360EE955A35C50D1A38B36CD /* TourPeriods.swift in Sources */,
				BE2FCA682F3CBB2E0038E706 /* PlatformHelpers.swift in Sources */,
				F62804A5EF88994291433F17 /* FilterView.swift in Sources */,
				D0C0B12BF2DF6D0B6E3A9FB6 /* ExportFormatter.swift in Sources */,
				FB9EB0FC339F4A605EC4E4EA /* SongFormatter.swift in Sources */,
				BE024DE32F4A67D800B2C079 /* BASSRadioPlayer.swift in Sources */,
				AA0000000000000000000031 /* BASSRadioPlayerLogic.swift in Sources */,
				BBBB00012FBB000100BB0001 /* BASSRadioPlayer+Playback.swift in Sources */,
				BBBB00032FBB000300BB0003 /* BASSRadioPlayer+AudioFX.swift in Sources */,
				BBBB00072FBB000700BB0007 /* BASSRadioPlayer+Metadata.swift in Sources */,
				BBBB000A2FBB000A00BB000A /* BASSRadioPlayer+DVR.swift in Sources */,
				9D924559343B4593F5DE1323 /* SettingsView.swift in Sources */,
				C3A1F8B52F9D0E5700C3A1F8 /* StreamBuffer.swift in Sources */,
				CC03DC000003DC0300CC03DC /* DonlopeIndexCache.swift in Sources */,
				CC05DC000005DC0500CC05DC /* TrackInfoView.swift in Sources */,
				CC07DC000007DC0700CC07DC /* SetlistInfoView.swift in Sources */,
				24613FC3F8D087EFEA009D92 /* CachedFZShow.swift in Sources */,
				4B3921DEB7831EF3C8144540 /* FZShowsDatabase.swift in Sources */,
				ABA2E392DCDB235388C0AB59 /* FZShowsPageRecord.swift in Sources */,
			);
			runOnlyForDeploymentPostprocessing = 0;
		};
		BE2FCA522F3CB6F60038E706 /* Sources */ = {
			isa = PBXSourcesBuildPhase;
			buildActionMask = 2147483647;
			files = (
				BE2FCA692F3CBB2E0038E706 /* PlatformHelpers.swift in Sources */,
				BE2FCA6D2F3CBBCA0038E706 /* Stream.swift in Sources */,
				BE2FCA6E2F3CBBCA0038E706 /* ParsedTrackInfo.swift in Sources */,
				AA0000000000000000000003 /* ContentViewShared.swift in Sources */,
				AA0000000000000000000023 /* RadioViewModel.swift in Sources */,
				BE17E5000004E5000017E503 /* ReleaseNotes.swift in Sources */,
				BE17E5000006E5000017E505 /* WhatsNewView.swift in Sources */,
				BE17E5000006E5000017E515 /* WelcomeView.swift in Sources */,
				BE2FCA6F2F3CBBCA0038E706 /* FilterView.swift in Sources */,
				E9F0619C0B0FB298E575550C /* ExportFormatter.swift in Sources */,
				BE2FCA702F3CBBCA0038E706 /* ShowEntryRow.swift in Sources */,
				BE033A062FD3818A0061FEE3 /* CarPlaySceneDelegate.swift in Sources */,
				BE033A082FD3818A0061FEE5 /* CarPlayBridge.swift in Sources */,
				BE0C0FFEE0000000000000B1 /* PlaybackController.swift in Sources */,
				BE2FCA712F3CBBCA0038E706 /* TourPeriods.swift in Sources */,
				BE2FCA722F3CBBCA0038E706 /* ShowDataManager.swift in Sources */,
				BE5A1F022F5A1F0200BE5A12 /* StoreProtection.swift in Sources */,
				BE2FCA732F3CBBCA0038E706 /* SidebarView.swift in Sources */,
				BE2FCA742F3CBBCA0038E706 /* UncleStreamusApp.swift in Sources */,
				BE2FCA752F3CBBCA0038E706 /* Acronym.swift in Sources */,
				BE2FCA762F3CBBCA0038E706 /* FZShowsFetcher.swift in Sources */,
				BE2FCA782F3CBBCA0038E706 /* ScaledFont.swift in Sources */,
				BE2FCA792F3CBBCA0038E706 /* SettingsView.swift in Sources */,
				BE2FCA7A2F3CBBCA0038E706 /* SongFormatter.swift in Sources */,
				BE2FCA7B2F3CBBCA0038E706 /* SavedShow.swift in Sources */,
				BE024DE42F4A67F600B2C079 /* BASSRadioPlayer.swift in Sources */,
				AA0000000000000000000032 /* BASSRadioPlayerLogic.swift in Sources */,
				BBBB00022FBB000200BB0002 /* BASSRadioPlayer+Playback.swift in Sources */,
				BBBB00042FBB000400BB0004 /* BASSRadioPlayer+AudioFX.swift in Sources */,
				BBBB00082FBB000800BB0008 /* BASSRadioPlayer+Metadata.swift in Sources */,
				BBBB000B2FBB000B00BB000B /* BASSRadioPlayer+DVR.swift in Sources */,
				BE2FCA7C2F3CBBCA0038E706 /* MarqueeText.swift in Sources */,
				BE2FCA6B2F3CBB520038E706 /* ContentView_iOS.swift in Sources */,
				BEFADE0100000000000000F3 /* TransportControlsLayout.swift in Sources */,
				D7AD703B5B1743C183C698F7 /* AudioFXView.swift in Sources */,
				C3A1F8B62F9D0E5700C3A1F8 /* StreamBuffer.swift in Sources */,
				CC04DC000004DC0400CC04DC /* DonlopeIndexCache.swift in Sources */,
				CC06DC000006DC0600CC06DC /* TrackInfoView.swift in Sources */,
				CC08DC000008DC0800CC08DC /* SetlistInfoView.swift in Sources */,
				BD32698586201316407AE343 /* CachedFZShow.swift in Sources */,
				EBB2C65450DF6C61B3EACC69 /* FZShowsDatabase.swift in Sources */,
				8F7455CF51B663EDFD96802D /* FZShowsPageRecord.swift in Sources */,
			);
			runOnlyForDeploymentPostprocessing = 0;
		};
/* End PBXSourcesBuildPhase section */

/* Begin PBXTargetDependency section */
		AAAA00702FAA007000AA0070 /* PBXTargetDependency */ = {
			isa = PBXTargetDependency;
			target = BE1A341A2F30C6D600647B01 /* UncleStreamus */;
			targetProxy = AAAA00712FAA007100AA0071 /* PBXContainerItemProxy */;
		};
/* End PBXTargetDependency section */

/* Begin XCBuildConfiguration section */
		AAAA00402FAA004000AA0040 /* Debug */ = {
			isa = XCBuildConfiguration;
			buildSettings = {
				BUNDLE_LOADER = "$(TEST_HOST)";
				CODE_SIGN_ENTITLEMENTS = UncleStreamusTests/UncleStreamusTests.entitlements;
				CODE_SIGN_STYLE = Automatic;
				DEAD_CODE_STRIPPING = YES;
				ENABLE_APP_SANDBOX = YES;
				ENABLE_OUTGOING_NETWORK_CONNECTIONS = YES;
				ENABLE_USER_SCRIPT_SANDBOXING = NO;
				GENERATE_INFOPLIST_FILE = YES;
				MACOSX_DEPLOYMENT_TARGET = 14.0;
				PRODUCT_BUNDLE_IDENTIFIER = com.unclestreamus.UncleStreamusTests;
				PRODUCT_NAME = "$(TARGET_NAME)";
				SDKROOT = macosx;
				SWIFT_VERSION = 5.0;
				TEST_HOST = "$(BUILT_PRODUCTS_DIR)/UncleStreamus.app/Contents/MacOS/UncleStreamus";
			};
			name = Debug;
		};
		AAAA00412FAA004100AA0041 /* Release */ = {
			isa = XCBuildConfiguration;
			buildSettings = {
				BUNDLE_LOADER = "$(TEST_HOST)";
				CODE_SIGN_ENTITLEMENTS = UncleStreamusTests/UncleStreamusTests.entitlements;
				CODE_SIGN_STYLE = Automatic;
				DEAD_CODE_STRIPPING = YES;
				ENABLE_APP_SANDBOX = YES;
				ENABLE_OUTGOING_NETWORK_CONNECTIONS = YES;
				ENABLE_USER_SCRIPT_SANDBOXING = NO;
				GENERATE_INFOPLIST_FILE = YES;
				MACOSX_DEPLOYMENT_TARGET = 14.0;
				PRODUCT_BUNDLE_IDENTIFIER = com.unclestreamus.UncleStreamusTests;
				PRODUCT_NAME = "$(TARGET_NAME)";
				SDKROOT = macosx;
				SWIFT_VERSION = 5.0;
				TEST_HOST = "$(BUILT_PRODUCTS_DIR)/UncleStreamus.app/Contents/MacOS/UncleStreamus";
			};
			name = Release;
		};
		BE1A342A2F30C6D800647B01 /* Debug */ = {
			isa = XCBuildConfiguration;
			buildSettings = {
				ALWAYS_SEARCH_USER_PATHS = NO;
				ASSETCATALOG_COMPILER_GENERATE_SWIFT_ASSET_SYMBOL_EXTENSIONS = YES;
				CLANG_ANALYZER_NONNULL = YES;
				CLANG_ANALYZER_NUMBER_OBJECT_CONVERSION = YES_AGGRESSIVE;
				CLANG_CXX_LANGUAGE_STANDARD = "gnu++20";
				CLANG_ENABLE_MODULES = YES;
				CLANG_ENABLE_OBJC_ARC = YES;
				CLANG_ENABLE_OBJC_WEAK = YES;
				CLANG_WARN_BLOCK_CAPTURE_AUTORELEASING = YES;
				CLANG_WARN_BOOL_CONVERSION = YES;
				CLANG_WARN_COMMA = YES;
				CLANG_WARN_CONSTANT_CONVERSION = YES;
				CLANG_WARN_DEPRECATED_OBJC_IMPLEMENTATIONS = YES;
				CLANG_WARN_DIRECT_OBJC_ISA_USAGE = YES_ERROR;
				CLANG_WARN_DOCUMENTATION_COMMENTS = YES;
				CLANG_WARN_EMPTY_BODY = YES;
				CLANG_WARN_ENUM_CONVERSION = YES;
				CLANG_WARN_INFINITE_RECURSION = YES;
				CLANG_WARN_INT_CONVERSION = YES;
				CLANG_WARN_NON_LITERAL_NULL_CONVERSION = YES;
				CLANG_WARN_OBJC_IMPLICIT_RETAIN_SELF = YES;
				CLANG_WARN_OBJC_LITERAL_CONVERSION = YES;
				CLANG_WARN_OBJC_ROOT_CLASS = YES_ERROR;
				CLANG_WARN_QUOTED_INCLUDE_IN_FRAMEWORK_HEADER = YES;
				CLANG_WARN_RANGE_LOOP_ANALYSIS = YES;
				CLANG_WARN_STRICT_PROTOTYPES = YES;
				CLANG_WARN_SUSPICIOUS_MOVE = YES;
				CLANG_WARN_UNGUARDED_AVAILABILITY = YES_AGGRESSIVE;
				CLANG_WARN_UNREACHABLE_CODE = YES;
				CLANG_WARN__DUPLICATE_METHOD_MATCH = YES;
				COPY_PHASE_STRIP = NO;
				DEAD_CODE_STRIPPING = YES;
				DEBUG_INFORMATION_FORMAT = dwarf;
				DEVELOPMENT_TEAM = M94NB5JY3R;
				ENABLE_STRICT_OBJC_MSGSEND = YES;
				ENABLE_TESTABILITY = YES;
				ENABLE_USER_SCRIPT_SANDBOXING = YES;
				GCC_C_LANGUAGE_STANDARD = gnu17;
				GCC_DYNAMIC_NO_PIC = NO;
				GCC_NO_COMMON_BLOCKS = YES;
				GCC_OPTIMIZATION_LEVEL = 0;
				GCC_PREPROCESSOR_DEFINITIONS = (
					"DEBUG=1",
					"$(inherited)",
				);
				GCC_WARN_64_TO_32_BIT_CONVERSION = YES;
				GCC_WARN_ABOUT_RETURN_TYPE = YES_ERROR;
				GCC_WARN_UNDECLARED_SELECTOR = YES;
				GCC_WARN_UNINITIALIZED_AUTOS = YES_AGGRESSIVE;
				GCC_WARN_UNUSED_FUNCTION = YES;
				GCC_WARN_UNUSED_VARIABLE = YES;
				LOCALIZATION_PREFERS_STRING_CATALOGS = YES;
				MACOSX_DEPLOYMENT_TARGET = 14.0;
				MTL_ENABLE_DEBUG_INFO = INCLUDE_SOURCE;
				MTL_FAST_MATH = YES;
				ONLY_ACTIVE_ARCH = YES;
				STRING_CATALOG_GENERATE_SYMBOLS = YES;
				SWIFT_ACTIVE_COMPILATION_CONDITIONS = "DEBUG $(inherited)";
				SWIFT_OPTIMIZATION_LEVEL = "-Onone";
			};
			name = Debug;
		};
		BE1A342B2F30C6D800647B01 /* Release */ = {
			isa = XCBuildConfiguration;
			buildSettings = {
				ALWAYS_SEARCH_USER_PATHS = NO;
				ASSETCATALOG_COMPILER_GENERATE_SWIFT_ASSET_SYMBOL_EXTENSIONS = YES;
				CLANG_ANALYZER_NONNULL = YES;
				CLANG_ANALYZER_NUMBER_OBJECT_CONVERSION = YES_AGGRESSIVE;
				CLANG_CXX_LANGUAGE_STANDARD = "gnu++20";
				CLANG_ENABLE_MODULES = YES;
				CLANG_ENABLE_OBJC_ARC = YES;
				CLANG_ENABLE_OBJC_WEAK = YES;
				CLANG_WARN_BLOCK_CAPTURE_AUTORELEASING = YES;
				CLANG_WARN_BOOL_CONVERSION = YES;
				CLANG_WARN_COMMA = YES;
				CLANG_WARN_CONSTANT_CONVERSION = YES;
				CLANG_WARN_DEPRECATED_OBJC_IMPLEMENTATIONS = YES;
				CLANG_WARN_DIRECT_OBJC_ISA_USAGE = YES_ERROR;
				CLANG_WARN_DOCUMENTATION_COMMENTS = YES;
				CLANG_WARN_EMPTY_BODY = YES;
				CLANG_WARN_ENUM_CONVERSION = YES;
				CLANG_WARN_INFINITE_RECURSION = YES;
				CLANG_WARN_INT_CONVERSION = YES;
				CLANG_WARN_NON_LITERAL_NULL_CONVERSION = YES;
				CLANG_WARN_OBJC_IMPLICIT_RETAIN_SELF = YES;
				CLANG_WARN_OBJC_LITERAL_CONVERSION = YES;
				CLANG_WARN_OBJC_ROOT_CLASS = YES_ERROR;
				CLANG_WARN_QUOTED_INCLUDE_IN_FRAMEWORK_HEADER = YES;
				CLANG_WARN_RANGE_LOOP_ANALYSIS = YES;
				CLANG_WARN_STRICT_PROTOTYPES = YES;
				CLANG_WARN_SUSPICIOUS_MOVE = YES;
				CLANG_WARN_UNGUARDED_AVAILABILITY = YES_AGGRESSIVE;
				CLANG_WARN_UNREACHABLE_CODE = YES;
				CLANG_WARN__DUPLICATE_METHOD_MATCH = YES;
				COPY_PHASE_STRIP = NO;
				DEAD_CODE_STRIPPING = YES;
				DEBUG_INFORMATION_FORMAT = "dwarf-with-dsym";
				DEVELOPMENT_TEAM = M94NB5JY3R;
				ENABLE_NS_ASSERTIONS = NO;
				ENABLE_STRICT_OBJC_MSGSEND = YES;
				ENABLE_USER_SCRIPT_SANDBOXING = YES;
				GCC_C_LANGUAGE_STANDARD = gnu17;
				GCC_NO_COMMON_BLOCKS = YES;
				GCC_WARN_64_TO_32_BIT_CONVERSION = YES;
				GCC_WARN_ABOUT_RETURN_TYPE = YES_ERROR;
				GCC_WARN_UNDECLARED_SELECTOR = YES;
				GCC_WARN_UNINITIALIZED_AUTOS = YES_AGGRESSIVE;
				GCC_WARN_UNUSED_FUNCTION = YES;
				GCC_WARN_UNUSED_VARIABLE = YES;
				LOCALIZATION_PREFERS_STRING_CATALOGS = YES;
				MACOSX_DEPLOYMENT_TARGET = 14.0;
				MTL_ENABLE_DEBUG_INFO = NO;
				MTL_FAST_MATH = YES;
				STRING_CATALOG_GENERATE_SYMBOLS = YES;
				SWIFT_COMPILATION_MODE = wholemodule;
			};
			name = Release;
		};
		BE1A342D2F30C6D800647B01 /* Debug */ = {
			isa = XCBuildConfiguration;
			buildSettings = {
				ASSETCATALOG_COMPILER_GLOBAL_ACCENT_COLOR_NAME = AccentColor;
				CODE_SIGN_ENTITLEMENTS = "UncleStreamus/UncleStreamus-Debug.entitlements";
				"CODE_SIGN_IDENTITY[sdk=macosx*]" = "Apple Development";
				CODE_SIGN_STYLE = Automatic;
				CURRENT_PROJECT_VERSION = 20260810;
				DEAD_CODE_STRIPPING = YES;
				DEVELOPMENT_ASSET_PATHS = "\"UncleStreamus/Preview Content\"";
				ENABLE_APP_SANDBOX = YES;
				"ENABLE_HARDENED_RUNTIME[sdk=macosx*]" = NO;
				ENABLE_OUTGOING_NETWORK_CONNECTIONS = YES;
				ENABLE_PREVIEWS = YES;
				ENABLE_USER_SCRIPT_SANDBOXING = NO;
				ENABLE_USER_SELECTED_FILES = readwrite;
				GENERATE_INFOPLIST_FILE = YES;
				"INFOPLIST_FILE[sdk=macosx*]" = UncleStreamus/Info.plist;
				INFOPLIST_KEY_CFBundleDisplayName = UncleStreamus;
				INFOPLIST_KEY_LSApplicationCategoryType = "public.app-category.music";
				"INFOPLIST_KEY_UIApplicationSceneManifest_Generation[sdk=iphoneos*]" = YES;
				"INFOPLIST_KEY_UIApplicationSceneManifest_Generation[sdk=iphonesimulator*]" = YES;
				"INFOPLIST_KEY_UIApplicationSupportsIndirectInputEvents[sdk=iphoneos*]" = YES;
				"INFOPLIST_KEY_UIApplicationSupportsIndirectInputEvents[sdk=iphonesimulator*]" = YES;
				"INFOPLIST_KEY_UILaunchScreen_Generation[sdk=iphoneos*]" = YES;
				"INFOPLIST_KEY_UILaunchScreen_Generation[sdk=iphonesimulator*]" = YES;
				"INFOPLIST_KEY_UIStatusBarStyle[sdk=iphoneos*]" = UIStatusBarStyleDefault;
				"INFOPLIST_KEY_UIStatusBarStyle[sdk=iphonesimulator*]" = UIStatusBarStyleDefault;
				INFOPLIST_KEY_UISupportedInterfaceOrientations_iPad = "UIInterfaceOrientationPortrait UIInterfaceOrientationPortraitUpsideDown UIInterfaceOrientationLandscapeLeft UIInterfaceOrientationLandscapeRight";
				INFOPLIST_KEY_UISupportedInterfaceOrientations_iPhone = UIInterfaceOrientationPortrait;
				IPHONEOS_DEPLOYMENT_TARGET = 17.5;
				LD_RUNPATH_SEARCH_PATHS = "@executable_path/Frameworks";
				"LD_RUNPATH_SEARCH_PATHS[sdk=macosx*]" = "@executable_path/../Frameworks";
				MARKETING_VERSION = 1.5.4;
				PRODUCT_BUNDLE_IDENTIFIER = com.unclestreamus.UncleStreamus;
				PRODUCT_MODULE_NAME = UncleStreamus;
				PRODUCT_NAME = UncleStreamus;
				REGISTER_APP_GROUPS = YES;
				SDKROOT = auto;
				SUPPORTED_PLATFORMS = macosx;
				SUPPORTS_MACCATALYST = NO;
				SWIFT_EMIT_LOC_STRINGS = YES;
				SWIFT_VERSION = 5.0;
			};
			name = Debug;
		};
		BE1A342E2F30C6D800647B01 /* Release */ = {
			isa = XCBuildConfiguration;
			buildSettings = {
				ASSETCATALOG_COMPILER_GLOBAL_ACCENT_COLOR_NAME = AccentColor;
				CODE_SIGN_ENTITLEMENTS = UncleStreamus/UncleStreamus.entitlements;
				"CODE_SIGN_IDENTITY[sdk=macosx*]" = "Apple Development";
				CODE_SIGN_STYLE = Automatic;
				CURRENT_PROJECT_VERSION = 20260810;
				DEAD_CODE_STRIPPING = YES;
				DEVELOPMENT_ASSET_PATHS = "\"UncleStreamus/Preview Content\"";
				ENABLE_APP_SANDBOX = YES;
				"ENABLE_HARDENED_RUNTIME[sdk=macosx*]" = YES;
				ENABLE_OUTGOING_NETWORK_CONNECTIONS = YES;
				ENABLE_PREVIEWS = YES;
				ENABLE_USER_SCRIPT_SANDBOXING = NO;
				ENABLE_USER_SELECTED_FILES = readwrite;
				GENERATE_INFOPLIST_FILE = YES;
				"INFOPLIST_FILE[sdk=macosx*]" = UncleStreamus/Info.plist;
				INFOPLIST_KEY_CFBundleDisplayName = UncleStreamus;
				INFOPLIST_KEY_LSApplicationCategoryType = "public.app-category.music";
				"INFOPLIST_KEY_UIApplicationSceneManifest_Generation[sdk=iphoneos*]" = YES;
				"INFOPLIST_KEY_UIApplicationSceneManifest_Generation[sdk=iphonesimulator*]" = YES;
				"INFOPLIST_KEY_UIApplicationSupportsIndirectInputEvents[sdk=iphoneos*]" = YES;
				"INFOPLIST_KEY_UIApplicationSupportsIndirectInputEvents[sdk=iphonesimulator*]" = YES;
				"INFOPLIST_KEY_UILaunchScreen_Generation[sdk=iphoneos*]" = YES;
				"INFOPLIST_KEY_UILaunchScreen_Generation[sdk=iphonesimulator*]" = YES;
				"INFOPLIST_KEY_UIStatusBarStyle[sdk=iphoneos*]" = UIStatusBarStyleDefault;
				"INFOPLIST_KEY_UIStatusBarStyle[sdk=iphonesimulator*]" = UIStatusBarStyleDefault;
				INFOPLIST_KEY_UISupportedInterfaceOrientations_iPad = "UIInterfaceOrientationPortrait UIInterfaceOrientationPortraitUpsideDown UIInterfaceOrientationLandscapeLeft UIInterfaceOrientationLandscapeRight";
				INFOPLIST_KEY_UISupportedInterfaceOrientations_iPhone = UIInterfaceOrientationPortrait;
				IPHONEOS_DEPLOYMENT_TARGET = 17.5;
				LD_RUNPATH_SEARCH_PATHS = "@executable_path/Frameworks";
				"LD_RUNPATH_SEARCH_PATHS[sdk=macosx*]" = "@executable_path/../Frameworks";
				MARKETING_VERSION = 1.5.4;
				PRODUCT_BUNDLE_IDENTIFIER = com.unclestreamus.UncleStreamus;
				PRODUCT_MODULE_NAME = UncleStreamus;
				PRODUCT_NAME = UncleStreamus;
				REGISTER_APP_GROUPS = YES;
				SDKROOT = auto;
				SUPPORTED_PLATFORMS = macosx;
				SUPPORTS_MACCATALYST = NO;
				SWIFT_EMIT_LOC_STRINGS = YES;
				SWIFT_VERSION = 5.0;
			};
			name = Release;
		};
		BE2FCA632F3CB6F70038E706 /* Debug */ = {
			isa = XCBuildConfiguration;
			buildSettings = {
				ASSETCATALOG_COMPILER_APPICON_NAME = AppIcon;
				ASSETCATALOG_COMPILER_GLOBAL_ACCENT_COLOR_NAME = AccentColor;
				CODE_SIGN_ENTITLEMENTS = "UncleStreamus-iOS/UncleStreamus-iOS.entitlements";
				CODE_SIGN_IDENTITY = "Apple Development";
				CODE_SIGN_STYLE = Automatic;
				CURRENT_PROJECT_VERSION = 20260810;
				DEVELOPMENT_ASSET_PATHS = "\"UncleStreamus-iOS/Preview Content\"";
				ENABLE_PREVIEWS = YES;
				ENABLE_USER_SCRIPT_SANDBOXING = NO;
				GENERATE_INFOPLIST_FILE = YES;
				HEADER_SEARCH_PATHS = "$(PROJECT_DIR)/Frameworks/iOS/include";
				INFOPLIST_FILE = "UncleStreamus-iOS/Info.plist";
				INFOPLIST_KEY_CFBundleDisplayName = UncleStreamus;
				INFOPLIST_KEY_ITSAppUsesNonExemptEncryption = NO;
				INFOPLIST_KEY_LSApplicationCategoryType = "public.app-category.music";
				INFOPLIST_KEY_UIApplicationSupportsIndirectInputEvents = YES;
				INFOPLIST_KEY_UILaunchScreen_Generation = YES;
				INFOPLIST_KEY_UISupportedInterfaceOrientations_iPad = "UIInterfaceOrientationPortrait UIInterfaceOrientationPortraitUpsideDown UIInterfaceOrientationLandscapeLeft UIInterfaceOrientationLandscapeRight";
				INFOPLIST_KEY_UISupportedInterfaceOrientations_iPhone = UIInterfaceOrientationPortrait;
				IPHONEOS_DEPLOYMENT_TARGET = 17.5;
				LD_RUNPATH_SEARCH_PATHS = (
					"$(inherited)",
					"@executable_path/Frameworks",
				);
				MARKETING_VERSION = 1.5.4;
				PRODUCT_BUNDLE_IDENTIFIER = com.unclestreamus.UncleStreamus;
				PRODUCT_MODULE_NAME = UncleStreamus;
				PRODUCT_NAME = UncleStreamus;
				PROVISIONING_PROFILE_SPECIFIER = "";
				SDKROOT = iphoneos;
				SWIFT_EMIT_LOC_STRINGS = YES;
				SWIFT_OBJC_BRIDGING_HEADER = UncleStreamus/BASSBridgingHeader.h;
				SWIFT_VERSION = 5.0;
				TARGETED_DEVICE_FAMILY = "1,2";
			};
			name = Debug;
		};
		BE2FCA642F3CB6F70038E706 /* Release */ = {
			isa = XCBuildConfiguration;
			buildSettings = {
				ASSETCATALOG_COMPILER_APPICON_NAME = AppIcon;
				ASSETCATALOG_COMPILER_GLOBAL_ACCENT_COLOR_NAME = AccentColor;
				CODE_SIGN_ENTITLEMENTS = "UncleStreamus-iOS/UncleStreamus-iOS.entitlements";
				CODE_SIGN_IDENTITY = "Apple Development";
				CODE_SIGN_STYLE = Automatic;
				CURRENT_PROJECT_VERSION = 20260810;
				DEVELOPMENT_ASSET_PATHS = "\"UncleStreamus-iOS/Preview Content\"";
				ENABLE_PREVIEWS = YES;
				ENABLE_USER_SCRIPT_SANDBOXING = NO;
				GENERATE_INFOPLIST_FILE = YES;
				HEADER_SEARCH_PATHS = "$(PROJECT_DIR)/Frameworks/iOS/include";
				INFOPLIST_FILE = "UncleStreamus-iOS/Info.plist";
				INFOPLIST_KEY_CFBundleDisplayName = UncleStreamus;
				INFOPLIST_KEY_ITSAppUsesNonExemptEncryption = NO;
				INFOPLIST_KEY_LSApplicationCategoryType = "public.app-category.music";
				INFOPLIST_KEY_UIApplicationSupportsIndirectInputEvents = YES;
				INFOPLIST_KEY_UILaunchScreen_Generation = YES;
				INFOPLIST_KEY_UISupportedInterfaceOrientations_iPad = "UIInterfaceOrientationPortrait UIInterfaceOrientationPortraitUpsideDown UIInterfaceOrientationLandscapeLeft UIInterfaceOrientationLandscapeRight";
				INFOPLIST_KEY_UISupportedInterfaceOrientations_iPhone = UIInterfaceOrientationPortrait;
				IPHONEOS_DEPLOYMENT_TARGET = 17.5;
				LD_RUNPATH_SEARCH_PATHS = (
					"$(inherited)",
					"@executable_path/Frameworks",
				);
				MARKETING_VERSION = 1.5.4;
				PRODUCT_BUNDLE_IDENTIFIER = com.unclestreamus.UncleStreamus;
				PRODUCT_MODULE_NAME = UncleStreamus;
				PRODUCT_NAME = UncleStreamus;
				PROVISIONING_PROFILE_SPECIFIER = "";
				SDKROOT = iphoneos;
				SWIFT_EMIT_LOC_STRINGS = YES;
				SWIFT_OBJC_BRIDGING_HEADER = UncleStreamus/BASSBridgingHeader.h;
				SWIFT_VERSION = 5.0;
				TARGETED_DEVICE_FAMILY = "1,2";
				VALIDATE_PRODUCT = YES;
			};
			name = Release;
		};
		DEB65C000000000000000001 /* DebugSync */ = {
			isa = XCBuildConfiguration;
			buildSettings = {
				BUNDLE_LOADER = "$(TEST_HOST)";
				CODE_SIGN_ENTITLEMENTS = UncleStreamusTests/UncleStreamusTests.entitlements;
				CODE_SIGN_STYLE = Automatic;
				DEAD_CODE_STRIPPING = YES;
				ENABLE_APP_SANDBOX = YES;
				ENABLE_OUTGOING_NETWORK_CONNECTIONS = YES;
				ENABLE_USER_SCRIPT_SANDBOXING = NO;
				GENERATE_INFOPLIST_FILE = YES;
				MACOSX_DEPLOYMENT_TARGET = 14.0;
				PRODUCT_BUNDLE_IDENTIFIER = com.unclestreamus.UncleStreamusTests;
				PRODUCT_NAME = "$(TARGET_NAME)";
				SDKROOT = macosx;
				SWIFT_VERSION = 5.0;
				TEST_HOST = "$(BUILT_PRODUCTS_DIR)/UncleStreamus.app/Contents/MacOS/UncleStreamus";
			};
			name = DebugSync;
		};
		DEB65C000000000000000002 /* DebugSync */ = {
			isa = XCBuildConfiguration;
			buildSettings = {
				ALWAYS_SEARCH_USER_PATHS = NO;
				ASSETCATALOG_COMPILER_GENERATE_SWIFT_ASSET_SYMBOL_EXTENSIONS = YES;
				CLANG_ANALYZER_NONNULL = YES;
				CLANG_ANALYZER_NUMBER_OBJECT_CONVERSION = YES_AGGRESSIVE;
				CLANG_CXX_LANGUAGE_STANDARD = "gnu++20";
				CLANG_ENABLE_MODULES = YES;
				CLANG_ENABLE_OBJC_ARC = YES;
				CLANG_ENABLE_OBJC_WEAK = YES;
				CLANG_WARN_BLOCK_CAPTURE_AUTORELEASING = YES;
				CLANG_WARN_BOOL_CONVERSION = YES;
				CLANG_WARN_COMMA = YES;
				CLANG_WARN_CONSTANT_CONVERSION = YES;
				CLANG_WARN_DEPRECATED_OBJC_IMPLEMENTATIONS = YES;
				CLANG_WARN_DIRECT_OBJC_ISA_USAGE = YES_ERROR;
				CLANG_WARN_DOCUMENTATION_COMMENTS = YES;
				CLANG_WARN_EMPTY_BODY = YES;
				CLANG_WARN_ENUM_CONVERSION = YES;
				CLANG_WARN_INFINITE_RECURSION = YES;
				CLANG_WARN_INT_CONVERSION = YES;
				CLANG_WARN_NON_LITERAL_NULL_CONVERSION = YES;
				CLANG_WARN_OBJC_IMPLICIT_RETAIN_SELF = YES;
				CLANG_WARN_OBJC_LITERAL_CONVERSION = YES;
				CLANG_WARN_OBJC_ROOT_CLASS = YES_ERROR;
				CLANG_WARN_QUOTED_INCLUDE_IN_FRAMEWORK_HEADER = YES;
				CLANG_WARN_RANGE_LOOP_ANALYSIS = YES;
				CLANG_WARN_STRICT_PROTOTYPES = YES;
				CLANG_WARN_SUSPICIOUS_MOVE = YES;
				CLANG_WARN_UNGUARDED_AVAILABILITY = YES_AGGRESSIVE;
				CLANG_WARN_UNREACHABLE_CODE = YES;
				CLANG_WARN__DUPLICATE_METHOD_MATCH = YES;
				COPY_PHASE_STRIP = NO;
				DEAD_CODE_STRIPPING = YES;
				DEBUG_INFORMATION_FORMAT = dwarf;
				DEVELOPMENT_TEAM = M94NB5JY3R;
				ENABLE_STRICT_OBJC_MSGSEND = YES;
				ENABLE_TESTABILITY = YES;
				ENABLE_USER_SCRIPT_SANDBOXING = YES;
				GCC_C_LANGUAGE_STANDARD = gnu17;
				GCC_DYNAMIC_NO_PIC = NO;
				GCC_NO_COMMON_BLOCKS = YES;
				GCC_OPTIMIZATION_LEVEL = 0;
				GCC_PREPROCESSOR_DEFINITIONS = (
					"DEBUG=1",
					"$(inherited)",
				);
				GCC_WARN_64_TO_32_BIT_CONVERSION = YES;
				GCC_WARN_ABOUT_RETURN_TYPE = YES_ERROR;
				GCC_WARN_UNDECLARED_SELECTOR = YES;
				GCC_WARN_UNINITIALIZED_AUTOS = YES_AGGRESSIVE;
				GCC_WARN_UNUSED_FUNCTION = YES;
				GCC_WARN_UNUSED_VARIABLE = YES;
				LOCALIZATION_PREFERS_STRING_CATALOGS = YES;
				MACOSX_DEPLOYMENT_TARGET = 14.0;
				MTL_ENABLE_DEBUG_INFO = INCLUDE_SOURCE;
				MTL_FAST_MATH = YES;
				ONLY_ACTIVE_ARCH = YES;
				STRING_CATALOG_GENERATE_SYMBOLS = YES;
				SWIFT_ACTIVE_COMPILATION_CONDITIONS = "DEBUG $(inherited)";
				SWIFT_OPTIMIZATION_LEVEL = "-Onone";
			};
			name = DebugSync;
		};
		DEB65C000000000000000003 /* DebugSync */ = {
			isa = XCBuildConfiguration;
			buildSettings = {
				ASSETCATALOG_COMPILER_GLOBAL_ACCENT_COLOR_NAME = AccentColor;
				CODE_SIGN_ENTITLEMENTS = "UncleStreamus/UncleStreamus-DebugSync.entitlements";
				"CODE_SIGN_IDENTITY[sdk=macosx*]" = "Apple Development";
				CODE_SIGN_STYLE = Automatic;
				CURRENT_PROJECT_VERSION = 20260810;
				DEAD_CODE_STRIPPING = YES;
				DEVELOPMENT_ASSET_PATHS = "\"UncleStreamus/Preview Content\"";
				ENABLE_APP_SANDBOX = YES;
				"ENABLE_HARDENED_RUNTIME[sdk=macosx*]" = NO;
				ENABLE_OUTGOING_NETWORK_CONNECTIONS = YES;
				ENABLE_PREVIEWS = YES;
				ENABLE_USER_SCRIPT_SANDBOXING = NO;
				ENABLE_USER_SELECTED_FILES = readwrite;
				GENERATE_INFOPLIST_FILE = YES;
				"INFOPLIST_FILE[sdk=macosx*]" = UncleStreamus/Info.plist;
				INFOPLIST_KEY_CFBundleDisplayName = UncleStreamus;
				INFOPLIST_KEY_LSApplicationCategoryType = "public.app-category.music";
				"INFOPLIST_KEY_UIApplicationSceneManifest_Generation[sdk=iphoneos*]" = YES;
				"INFOPLIST_KEY_UIApplicationSceneManifest_Generation[sdk=iphonesimulator*]" = YES;
				"INFOPLIST_KEY_UIApplicationSupportsIndirectInputEvents[sdk=iphoneos*]" = YES;
				"INFOPLIST_KEY_UIApplicationSupportsIndirectInputEvents[sdk=iphonesimulator*]" = YES;
				"INFOPLIST_KEY_UILaunchScreen_Generation[sdk=iphoneos*]" = YES;
				"INFOPLIST_KEY_UILaunchScreen_Generation[sdk=iphonesimulator*]" = YES;
				"INFOPLIST_KEY_UIStatusBarStyle[sdk=iphoneos*]" = UIStatusBarStyleDefault;
				"INFOPLIST_KEY_UIStatusBarStyle[sdk=iphonesimulator*]" = UIStatusBarStyleDefault;
				INFOPLIST_KEY_UISupportedInterfaceOrientations_iPad = "UIInterfaceOrientationPortrait UIInterfaceOrientationPortraitUpsideDown UIInterfaceOrientationLandscapeLeft UIInterfaceOrientationLandscapeRight";
				INFOPLIST_KEY_UISupportedInterfaceOrientations_iPhone = UIInterfaceOrientationPortrait;
				IPHONEOS_DEPLOYMENT_TARGET = 17.5;
				LD_RUNPATH_SEARCH_PATHS = "@executable_path/Frameworks";
				"LD_RUNPATH_SEARCH_PATHS[sdk=macosx*]" = "@executable_path/../Frameworks";
				MARKETING_VERSION = 1.5.4;
				PRODUCT_BUNDLE_IDENTIFIER = com.unclestreamus.UncleStreamus;
				PRODUCT_MODULE_NAME = UncleStreamus;
				PRODUCT_NAME = UncleStreamus;
				REGISTER_APP_GROUPS = YES;
				SDKROOT = auto;
				SUPPORTED_PLATFORMS = macosx;
				SUPPORTS_MACCATALYST = NO;
				SWIFT_EMIT_LOC_STRINGS = YES;
				SWIFT_VERSION = 5.0;
			};
			name = DebugSync;
		};
		DEB65C000000000000000004 /* DebugSync */ = {
			isa = XCBuildConfiguration;
			buildSettings = {
				ASSETCATALOG_COMPILER_APPICON_NAME = AppIcon;
				ASSETCATALOG_COMPILER_GLOBAL_ACCENT_COLOR_NAME = AccentColor;
				CODE_SIGN_ENTITLEMENTS = "UncleStreamus-iOS/UncleStreamus-iOS.entitlements";
				CODE_SIGN_IDENTITY = "Apple Development";
				CODE_SIGN_STYLE = Automatic;
				CURRENT_PROJECT_VERSION = 20260810;
				DEVELOPMENT_ASSET_PATHS = "\"UncleStreamus-iOS/Preview Content\"";
				ENABLE_PREVIEWS = YES;
				ENABLE_USER_SCRIPT_SANDBOXING = NO;
				GENERATE_INFOPLIST_FILE = YES;
				HEADER_SEARCH_PATHS = "$(PROJECT_DIR)/Frameworks/iOS/include";
				INFOPLIST_FILE = "UncleStreamus-iOS/Info.plist";
				INFOPLIST_KEY_CFBundleDisplayName = UncleStreamus;
				INFOPLIST_KEY_ITSAppUsesNonExemptEncryption = NO;
				INFOPLIST_KEY_LSApplicationCategoryType = "public.app-category.music";
				INFOPLIST_KEY_UIApplicationSupportsIndirectInputEvents = YES;
				INFOPLIST_KEY_UILaunchScreen_Generation = YES;
				INFOPLIST_KEY_UISupportedInterfaceOrientations_iPad = "UIInterfaceOrientationPortrait UIInterfaceOrientationPortraitUpsideDown UIInterfaceOrientationLandscapeLeft UIInterfaceOrientationLandscapeRight";
				INFOPLIST_KEY_UISupportedInterfaceOrientations_iPhone = UIInterfaceOrientationPortrait;
				IPHONEOS_DEPLOYMENT_TARGET = 17.5;
				LD_RUNPATH_SEARCH_PATHS = (
					"$(inherited)",
					"@executable_path/Frameworks",
				);
				MARKETING_VERSION = 1.5.4;
				PRODUCT_BUNDLE_IDENTIFIER = com.unclestreamus.UncleStreamus;
				PRODUCT_MODULE_NAME = UncleStreamus;
				PRODUCT_NAME = UncleStreamus;
				PROVISIONING_PROFILE_SPECIFIER = "";
				SDKROOT = iphoneos;
				SWIFT_EMIT_LOC_STRINGS = YES;
				SWIFT_OBJC_BRIDGING_HEADER = UncleStreamus/BASSBridgingHeader.h;
				SWIFT_VERSION = 5.0;
				TARGETED_DEVICE_FAMILY = "1,2";
			};
			name = DebugSync;
		};
/* End XCBuildConfiguration section */

/* Begin XCConfigurationList section */
		AAAA00502FAA005000AA0050 /* Build configuration list for PBXNativeTarget "UncleStreamusTests" */ = {
			isa = XCConfigurationList;
			buildConfigurations = (
				AAAA00402FAA004000AA0040 /* Debug */,
				DEB65C000000000000000001 /* DebugSync */,
				AAAA00412FAA004100AA0041 /* Release */,
			);
			defaultConfigurationIsVisible = 0;
			defaultConfigurationName = Release;
		};
		BE1A34162F30C6D600647B01 /* Build configuration list for PBXProject "UncleStreamus" */ = {
			isa = XCConfigurationList;
			buildConfigurations = (
				BE1A342A2F30C6D800647B01 /* Debug */,
				DEB65C000000000000000002 /* DebugSync */,
				BE1A342B2F30C6D800647B01 /* Release */,
			);
			defaultConfigurationIsVisible = 0;
			defaultConfigurationName = Release;
		};
		BE1A342C2F30C6D800647B01 /* Build configuration list for PBXNativeTarget "UncleStreamus" */ = {
			isa = XCConfigurationList;
			buildConfigurations = (
				BE1A342D2F30C6D800647B01 /* Debug */,
				DEB65C000000000000000003 /* DebugSync */,
				BE1A342E2F30C6D800647B01 /* Release */,
			);
			defaultConfigurationIsVisible = 0;
			defaultConfigurationName = Release;
		};
		BE2FCA652F3CB6F70038E706 /* Build configuration list for PBXNativeTarget "UncleStreamus-iOS" */ = {
			isa = XCConfigurationList;
			buildConfigurations = (
				BE2FCA632F3CB6F70038E706 /* Debug */,
				DEB65C000000000000000004 /* DebugSync */,
				BE2FCA642F3CB6F70038E706 /* Release */,
			);
			defaultConfigurationIsVisible = 0;
			defaultConfigurationName = Release;
		};
/* End XCConfigurationList section */

/* Begin XCRemoteSwiftPackageReference section */
		BE024DBB2F4A655500B2C079 /* XCRemoteSwiftPackageReference "CBass" */ = {
			isa = XCRemoteSwiftPackageReference;
			repositoryURL = "https://github.com/Treata11/CBass.git";
			requirement = {
				branch = main;
				kind = branch;
			};
		};
/* End XCRemoteSwiftPackageReference section */

/* Begin XCSwiftPackageProductDependency section */
		BE024DBC2F4A655500B2C079 /* Bass */ = {
			isa = XCSwiftPackageProductDependency;
			package = BE024DBB2F4A655500B2C079 /* XCRemoteSwiftPackageReference "CBass" */;
			productName = Bass;
		};
		BE024DBE2F4A655500B2C079 /* BassFLAC */ = {
			isa = XCSwiftPackageProductDependency;
			package = BE024DBB2F4A655500B2C079 /* XCRemoteSwiftPackageReference "CBass" */;
			productName = BassFLAC;
		};
		BE024DC02F4A655500B2C079 /* BassFX */ = {
			isa = XCSwiftPackageProductDependency;
			package = BE024DBB2F4A655500B2C079 /* XCRemoteSwiftPackageReference "CBass" */;
			productName = BassFX;
		};
		BE024DC22F4A655500B2C079 /* BassHLS */ = {
			isa = XCSwiftPackageProductDependency;
			package = BE024DBB2F4A655500B2C079 /* XCRemoteSwiftPackageReference "CBass" */;
			productName = BassHLS;
		};
		BE024DC42F4A655500B2C079 /* BassMix */ = {
			isa = XCSwiftPackageProductDependency;
			package = BE024DBB2F4A655500B2C079 /* XCRemoteSwiftPackageReference "CBass" */;
			productName = BassMix;
		};
		BE024DC62F4A655500B2C079 /* Tags */ = {
			isa = XCSwiftPackageProductDependency;
			package = BE024DBB2F4A655500B2C079 /* XCRemoteSwiftPackageReference "CBass" */;
			productName = Tags;
		};
/* End XCSwiftPackageProductDependency section */
	};
	rootObject = BE1A34132F30C6D600647B01 /* Project object */;
}
